// !$*UTF8*$!
{
	archiveVersion = 1;
	classes = {
	};
	objectVersion = 56;
	objects = {

/* Begin PBXBuildFile section */
		A8253D542A46A77A00AE8101 /* FriendsViewModel.swift in Sources */ = {isa = PBXBuildFile; fileRef = A8253D532A46A77A00AE8101 /* FriendsViewModel.swift */; };
		A8253D5A2A46E1AB00AE8101 /* FriendsIntroView.swift in Sources */ = {isa = PBXBuildFile; fileRef = A8253D592A46E1AB00AE8101 /* FriendsIntroView.swift */; };
		A8253D5C2A46E1C000AE8101 /* FriendsListView.swift in Sources */ = {isa = PBXBuildFile; fileRef = A8253D5B2A46E1C000AE8101 /* FriendsListView.swift */; };
		A82EC6632A2634B500DABF26 /* Colors.swift in Sources */ = {isa = PBXBuildFile; fileRef = A82EC6622A2634B500DABF26 /* Colors.swift */; };
		A82EC67A2A263D1800DABF26 /* FontManager.swift in Sources */ = {isa = PBXBuildFile; fileRef = A82EC6792A263D1800DABF26 /* FontManager.swift */; };
		A836B1862A69D21300D9F02F /* FriendsDisconnectView.swift in Sources */ = {isa = PBXBuildFile; fileRef = A836B1852A69D21300D9F02F /* FriendsDisconnectView.swift */; };
		A836B1882A6A04DD00D9F02F /* FriendAddView.swift in Sources */ = {isa = PBXBuildFile; fileRef = A836B1872A6A04DD00D9F02F /* FriendAddView.swift */; };
		A836B19B2A6CE96100D9F02F /* FriendsModel.swift in Sources */ = {isa = PBXBuildFile; fileRef = A836B19A2A6CE96100D9F02F /* FriendsModel.swift */; };
		A836B19D2A6CFB2700D9F02F /* ContactModel.swift in Sources */ = {isa = PBXBuildFile; fileRef = A836B19C2A6CFB2700D9F02F /* ContactModel.swift */; };
		A89871AA2A5B9576008F0FAA /* FriendsContactViewController.swift in Sources */ = {isa = PBXBuildFile; fileRef = A89871A92A5B9576008F0FAA /* FriendsContactViewController.swift */; };
		A89871B02A5D8069008F0FAA /* FriendsContactViewModel.swift in Sources */ = {isa = PBXBuildFile; fileRef = A89871AF2A5D8069008F0FAA /* FriendsContactViewModel.swift */; };
		A89871B22A5DB865008F0FAA /* FriendsContactCollectionViewCell.swift in Sources */ = {isa = PBXBuildFile; fileRef = A89871B12A5DB865008F0FAA /* FriendsContactCollectionViewCell.swift */; };
		A8A45CBE2A409856001F02C7 /* ErrorMessage.swift in Sources */ = {isa = PBXBuildFile; fileRef = A8A45CBD2A409856001F02C7 /* ErrorMessage.swift */; };
		A8A45CC02A409B75001F02C7 /* NavigationView.swift in Sources */ = {isa = PBXBuildFile; fileRef = A8A45CBF2A409B75001F02C7 /* NavigationView.swift */; };
		A8C792752A4CC0060032FDFC /* Networkable.swift in Sources */ = {isa = PBXBuildFile; fileRef = A8C792742A4CC0060032FDFC /* Networkable.swift */; };
		A8C792792A4CD7EF0032FDFC /* ResponseData.swift in Sources */ = {isa = PBXBuildFile; fileRef = A8C792782A4CD7EF0032FDFC /* ResponseData.swift */; };
		A8C7927B2A4CDAA40032FDFC /* BaseTargetType.swift in Sources */ = {isa = PBXBuildFile; fileRef = A8C7927A2A4CDAA40032FDFC /* BaseTargetType.swift */; };
		A8C7927D2A4CDD390032FDFC /* URLString.swift in Sources */ = {isa = PBXBuildFile; fileRef = A8C7927C2A4CDD390032FDFC /* URLString.swift */; };
		A8C792802A4CE0930032FDFC /* SignTarget.swift in Sources */ = {isa = PBXBuildFile; fileRef = A8C7927F2A4CE0930032FDFC /* SignTarget.swift */; };
		A8C792822A4CE6D60032FDFC /* TestModel.swift in Sources */ = {isa = PBXBuildFile; fileRef = A8C792812A4CE6D50032FDFC /* TestModel.swift */; };
		A8C792842A4CE8570032FDFC /* SignAPI.swift in Sources */ = {isa = PBXBuildFile; fileRef = A8C792832A4CE8570032FDFC /* SignAPI.swift */; };
		A8C7928C2A4E4E400032FDFC /* Toast.swift in Sources */ = {isa = PBXBuildFile; fileRef = A8C7928B2A4E4E400032FDFC /* Toast.swift */; };
		A8C7928E2A4E5A390032FDFC /* UIApplication+.swift in Sources */ = {isa = PBXBuildFile; fileRef = A8C7928D2A4E5A390032FDFC /* UIApplication+.swift */; };
		A8C792902A4E5F5C0032FDFC /* BasePaddingLabel.swift in Sources */ = {isa = PBXBuildFile; fileRef = A8C7928F2A4E5F5C0032FDFC /* BasePaddingLabel.swift */; };
		A8C874382A6EBB4C0057EEEA /* SaveFriendsModel.swift in Sources */ = {isa = PBXBuildFile; fileRef = A8C874372A6EBB4C0057EEEA /* SaveFriendsModel.swift */; };
		A8C8743B2A6EBF580057EEEA /* FriendsTarget.swift in Sources */ = {isa = PBXBuildFile; fileRef = A8C8743A2A6EBF580057EEEA /* FriendsTarget.swift */; };
		A8C8743D2A6EBF610057EEEA /* FriendsAPI.swift in Sources */ = {isa = PBXBuildFile; fileRef = A8C8743C2A6EBF610057EEEA /* FriendsAPI.swift */; };
		A8E0C0B92A23641F00C8696E /* Log.swift in Sources */ = {isa = PBXBuildFile; fileRef = A8E0C0B82A23641F00C8696E /* Log.swift */; };
		A8E0C0EA2A23659400C8696E /* RxCocoa in Frameworks */ = {isa = PBXBuildFile; productRef = A8E0C0E92A23659400C8696E /* RxCocoa */; };
		A8E0C0EC2A23659400C8696E /* RxRelay in Frameworks */ = {isa = PBXBuildFile; productRef = A8E0C0EB2A23659400C8696E /* RxRelay */; };
		A8E0C0EE2A23659400C8696E /* RxSwift in Frameworks */ = {isa = PBXBuildFile; productRef = A8E0C0ED2A23659400C8696E /* RxSwift */; };
		A8E0C0F12A2365B500C8696E /* Then in Frameworks */ = {isa = PBXBuildFile; productRef = A8E0C0F02A2365B500C8696E /* Then */; };
		A8E0C0F42A2365E000C8696E /* SnapKit in Frameworks */ = {isa = PBXBuildFile; productRef = A8E0C0F32A2365E000C8696E /* SnapKit */; };
		A8E0C10A2A23669A00C8696E /* Moya in Frameworks */ = {isa = PBXBuildFile; productRef = A8E0C1092A23669A00C8696E /* Moya */; };
		A8E0C10F2A23685C00C8696E /* SnapKitInterface.swift in Sources */ = {isa = PBXBuildFile; fileRef = A8E0C10E2A23685C00C8696E /* SnapKitInterface.swift */; };
		A8F4DD422A4660560045C179 /* CALayer+.swift in Sources */ = {isa = PBXBuildFile; fileRef = A8F4DD412A4660560045C179 /* CALayer+.swift */; };
		A8F4DD442A4660640045C179 /* UITabBar+.swift in Sources */ = {isa = PBXBuildFile; fileRef = A8F4DD432A4660640045C179 /* UITabBar+.swift */; };
		CE0412AB2A23552200C790F3 /* MainTabBarController.swift in Sources */ = {isa = PBXBuildFile; fileRef = CE0412AA2A23552200C790F3 /* MainTabBarController.swift */; };
		CE0412AE2A2359CF00C790F3 /* MainTabBarViewModel.swift in Sources */ = {isa = PBXBuildFile; fileRef = CE0412AD2A2359CF00C790F3 /* MainTabBarViewModel.swift */; };
		CE0412B12A23640500C790F3 /* HomeViewController.swift in Sources */ = {isa = PBXBuildFile; fileRef = CE0412B02A23640500C790F3 /* HomeViewController.swift */; };
		CE0412B32A23642200C790F3 /* FriendsViewController.swift in Sources */ = {isa = PBXBuildFile; fileRef = CE0412B22A23642200C790F3 /* FriendsViewController.swift */; };
		CE0412B52A23643400C790F3 /* SettingViewController.swift in Sources */ = {isa = PBXBuildFile; fileRef = CE0412B42A23643400C790F3 /* SettingViewController.swift */; };
		CE66AF012A63C69A001B7C96 /* GreetingSuggestionCollectionViewCell.swift in Sources */ = {isa = PBXBuildFile; fileRef = CE66AF002A63C69A001B7C96 /* GreetingSuggestionCollectionViewCell.swift */; };
		CE6798382A31E3DE0078F43C /* NSMutableAttributedString+.swift in Sources */ = {isa = PBXBuildFile; fileRef = CE6798372A31E3DE0078F43C /* NSMutableAttributedString+.swift */; };
		CE67983A2A31F20A0078F43C /* SignupStepEmailPasswordView.swift in Sources */ = {isa = PBXBuildFile; fileRef = CE6798392A31F20A0078F43C /* SignupStepEmailPasswordView.swift */; };
		CE67983C2A31F2500078F43C /* SignupTextFieldContainer.swift in Sources */ = {isa = PBXBuildFile; fileRef = CE67983B2A31F2500078F43C /* SignupTextFieldContainer.swift */; };
		CE8316DC2A318449007D3327 /* SignupStepViewModel.swift in Sources */ = {isa = PBXBuildFile; fileRef = CE8316DB2A318449007D3327 /* SignupStepViewModel.swift */; };
		CE8316DF2A319FB8007D3327 /* SignupStepCollectionViewCell.swift in Sources */ = {isa = PBXBuildFile; fileRef = CE8316DE2A319FB8007D3327 /* SignupStepCollectionViewCell.swift */; };
		CE8861F02A2CB4CB00204CBA /* Pretendard-Medium.ttf in Resources */ = {isa = PBXBuildFile; fileRef = CE8861ED2A2CB15300204CBA /* Pretendard-Medium.ttf */; };
		CE8861F12A2CB4CD00204CBA /* Pretendard-Regular.ttf in Resources */ = {isa = PBXBuildFile; fileRef = CE8861EF2A2CB16400204CBA /* Pretendard-Regular.ttf */; };
		CE8861F22A2CB4CF00204CBA /* Pretendard-Bold.ttf in Resources */ = {isa = PBXBuildFile; fileRef = CE8861EE2A2CB16300204CBA /* Pretendard-Bold.ttf */; };
		CE9BBCD32A297F7D0036E335 /* IntroViewController.swift in Sources */ = {isa = PBXBuildFile; fileRef = CE9BBCD22A297F7D0036E335 /* IntroViewController.swift */; };
		CE9BBCDF2A2AFA3B0036E335 /* WVButton.swift in Sources */ = {isa = PBXBuildFile; fileRef = CE9BBCDE2A2AFA3B0036E335 /* WVButton.swift */; };
		CE9BBCE12A2B0F270036E335 /* UIColor+.swift in Sources */ = {isa = PBXBuildFile; fileRef = CE9BBCE02A2B0F270036E335 /* UIColor+.swift */; };
		CE9BBCE32A2B17880036E335 /* DesignConstants.swift in Sources */ = {isa = PBXBuildFile; fileRef = CE9BBCE22A2B17880036E335 /* DesignConstants.swift */; };
		CE9BBCE52A2B1E490036E335 /* Color.xcassets in Resources */ = {isa = PBXBuildFile; fileRef = CE9BBCE42A2B1E490036E335 /* Color.xcassets */; };
		CEA32DD22A3357540006FA31 /* String+.swift in Sources */ = {isa = PBXBuildFile; fileRef = CEA32DD12A3357540006FA31 /* String+.swift */; };
		CEA7BCB12A7F97C80000727C /* Pretendard-SemiBold.ttf in Resources */ = {isa = PBXBuildFile; fileRef = CEC778CE2A769BF600C42A01 /* Pretendard-SemiBold.ttf */; };
		CEA7BCC42A7FAAAF0000727C /* HomeViewModel.swift in Sources */ = {isa = PBXBuildFile; fileRef = CEA7BCC32A7FAAAF0000727C /* HomeViewModel.swift */; };
		CEB5181D2A653FA2009B88BB /* NoticeViewController.swift in Sources */ = {isa = PBXBuildFile; fileRef = CEB5181C2A653FA2009B88BB /* NoticeViewController.swift */; };
		CEB518242A654100009B88BB /* NoticeTableViewCell.swift in Sources */ = {isa = PBXBuildFile; fileRef = CEB518232A654100009B88BB /* NoticeTableViewCell.swift */; };
		CEB518262A65410D009B88BB /* NoticeCellModel.swift in Sources */ = {isa = PBXBuildFile; fileRef = CEB518252A65410D009B88BB /* NoticeCellModel.swift */; };
		CEBC40082A486B9D001A5934 /* TopTabBarViewController.swift in Sources */ = {isa = PBXBuildFile; fileRef = CEBC40072A486B9D001A5934 /* TopTabBarViewController.swift */; };
		CEBC400A2A486BEF001A5934 /* TabView.swift in Sources */ = {isa = PBXBuildFile; fileRef = CEBC40092A486BEF001A5934 /* TabView.swift */; };
		CEBC400D2A486C32001A5934 /* TabViewStyle.swift in Sources */ = {isa = PBXBuildFile; fileRef = CEBC400C2A486C32001A5934 /* TabViewStyle.swift */; };
		CEBC400F2A486D09001A5934 /* TabViewModel.swift in Sources */ = {isa = PBXBuildFile; fileRef = CEBC400E2A486D09001A5934 /* TabViewModel.swift */; };
		CEBC40112A486D33001A5934 /* TabViewCollectionViewCellModel.swift in Sources */ = {isa = PBXBuildFile; fileRef = CEBC40102A486D33001A5934 /* TabViewCollectionViewCellModel.swift */; };
		CEBC40132A486D78001A5934 /* Array+.swift in Sources */ = {isa = PBXBuildFile; fileRef = CEBC40122A486D78001A5934 /* Array+.swift */; };
		CEBC40152A486F55001A5934 /* TabViewCollectionViewCell.swift in Sources */ = {isa = PBXBuildFile; fileRef = CEBC40142A486F55001A5934 /* TabViewCollectionViewCell.swift */; };
		CEC6CF7F2A61147500175391 /* GreetingModel.swift in Sources */ = {isa = PBXBuildFile; fileRef = CEC6CF7E2A61147500175391 /* GreetingModel.swift */; };
		CEC6CF812A6184A100175391 /* HomeNavigationView.swift in Sources */ = {isa = PBXBuildFile; fileRef = CEC6CF802A6184A100175391 /* HomeNavigationView.swift */; };
		CEC6CF942A618F7F00175391 /* GreetingCategoryCollectionViewCell.swift in Sources */ = {isa = PBXBuildFile; fileRef = CEC6CF932A618F7F00175391 /* GreetingCategoryCollectionViewCell.swift */; };
		CEC778A72A74F42600C42A01 /* GreetingSuggestionCellModel.swift in Sources */ = {isa = PBXBuildFile; fileRef = CEC778A62A74F42600C42A01 /* GreetingSuggestionCellModel.swift */; };
		CEC778CB2A768A8100C42A01 /* NSAttributedString+.swift in Sources */ = {isa = PBXBuildFile; fileRef = CEC778CA2A768A8100C42A01 /* NSAttributedString+.swift */; };
		CEC778CD2A768B6000C42A01 /* UIWindow+.swift in Sources */ = {isa = PBXBuildFile; fileRef = CEC778CC2A768B6000C42A01 /* UIWindow+.swift */; };
		CED363CE2A321FCE00119CE5 /* WVTextField.swift in Sources */ = {isa = PBXBuildFile; fileRef = CED363CD2A321FCE00119CE5 /* WVTextField.swift */; };
		CED363D02A32227E00119CE5 /* SignDataStore.swift in Sources */ = {isa = PBXBuildFile; fileRef = CED363CF2A32227E00119CE5 /* SignDataStore.swift */; };
		CED83A8C2A2B71460031AFF0 /* IntroViewModel.swift in Sources */ = {isa = PBXBuildFile; fileRef = CED83A8B2A2B71460031AFF0 /* IntroViewModel.swift */; };
		CED83A9F2A2B86F40031AFF0 /* SignupViewController.swift in Sources */ = {isa = PBXBuildFile; fileRef = CED83A9E2A2B86F40031AFF0 /* SignupViewController.swift */; };
		CED83AA12A2B87050031AFF0 /* LoginViewController.swift in Sources */ = {isa = PBXBuildFile; fileRef = CED83AA02A2B87050031AFF0 /* LoginViewController.swift */; };
		CED9EAB42A3C3C5700BA8737 /* SignupStepTermOfUseView.swift in Sources */ = {isa = PBXBuildFile; fileRef = CED9EAB32A3C3C5700BA8737 /* SignupStepTermOfUseView.swift */; };
		CED9EAB62A3C414B00BA8737 /* SignupTermsOfUseButton.swift in Sources */ = {isa = PBXBuildFile; fileRef = CED9EAB52A3C414B00BA8737 /* SignupTermsOfUseButton.swift */; };
		CEDC67862A6C94BC009D37AE /* HomeCollectionReusableView.swift in Sources */ = {isa = PBXBuildFile; fileRef = CEDC67852A6C94BC009D37AE /* HomeCollectionReusableView.swift */; };
		CEDC67882A6C95B1009D37AE /* HomeCollectionHeaderViewModel.swift in Sources */ = {isa = PBXBuildFile; fileRef = CEDC67872A6C95B1009D37AE /* HomeCollectionHeaderViewModel.swift */; };
		CEDC679B2A6CA7EA009D37AE /* GreetingCategoryCellModel.swift in Sources */ = {isa = PBXBuildFile; fileRef = CEDC679A2A6CA7E9009D37AE /* GreetingCategoryCellModel.swift */; };
		CEE16BFC2A3482C2003EC97E /* SignupStepUsernameView.swift in Sources */ = {isa = PBXBuildFile; fileRef = CEE16BFB2A3482C2003EC97E /* SignupStepUsernameView.swift */; };
		CEE16BFE2A3484DF003EC97E /* SignupStepBirthdateView.swift in Sources */ = {isa = PBXBuildFile; fileRef = CEE16BFD2A3484DF003EC97E /* SignupStepBirthdateView.swift */; };
		CEE16C002A34867C003EC97E /* SignupStepPhoneNumberView.swift in Sources */ = {isa = PBXBuildFile; fileRef = CEE16BFF2A34867C003EC97E /* SignupStepPhoneNumberView.swift */; };
		CEE3E77A2A17A93200BC1464 /* AppDelegate.swift in Sources */ = {isa = PBXBuildFile; fileRef = CEE3E7792A17A93200BC1464 /* AppDelegate.swift */; };
		CEE3E77C2A17A93200BC1464 /* SceneDelegate.swift in Sources */ = {isa = PBXBuildFile; fileRef = CEE3E77B2A17A93200BC1464 /* SceneDelegate.swift */; };
		CEE3E77E2A17A93200BC1464 /* ViewController.swift in Sources */ = {isa = PBXBuildFile; fileRef = CEE3E77D2A17A93200BC1464 /* ViewController.swift */; };
		CEE3E7832A17A93300BC1464 /* Assets.xcassets in Resources */ = {isa = PBXBuildFile; fileRef = CEE3E7822A17A93300BC1464 /* Assets.xcassets */; };
		CEE3E7862A17A93300BC1464 /* LaunchScreen.storyboard in Resources */ = {isa = PBXBuildFile; fileRef = CEE3E7842A17A93300BC1464 /* LaunchScreen.storyboard */; };
		CEE3E7912A17A93300BC1464 /* Waving_iOSTests.swift in Sources */ = {isa = PBXBuildFile; fileRef = CEE3E7902A17A93300BC1464 /* Waving_iOSTests.swift */; };
		CEE3E79B2A17A93300BC1464 /* Waving_iOSUITests.swift in Sources */ = {isa = PBXBuildFile; fileRef = CEE3E79A2A17A93300BC1464 /* Waving_iOSUITests.swift */; };
		CEE3E79D2A17A93300BC1464 /* Waving_iOSUITestsLaunchTests.swift in Sources */ = {isa = PBXBuildFile; fileRef = CEE3E79C2A17A93300BC1464 /* Waving_iOSUITestsLaunchTests.swift */; };
		CEF2E5882A470F6300128C55 /* SignupStepCompleteView.swift in Sources */ = {isa = PBXBuildFile; fileRef = CEF2E5872A470F6300128C55 /* SignupStepCompleteView.swift */; };
		CEF31EE62A5FC74E00534D44 /* GreetingAPI.swift in Sources */ = {isa = PBXBuildFile; fileRef = CEF31EE52A5FC74E00534D44 /* GreetingAPI.swift */; };
		CEF31EE82A5FC77300534D44 /* GreetingTarget.swift in Sources */ = {isa = PBXBuildFile; fileRef = CEF31EE72A5FC77300534D44 /* GreetingTarget.swift */; };
		CEF347C62A5BF5A800ED012E /* GreetingListViewController.swift in Sources */ = {isa = PBXBuildFile; fileRef = CEF347C52A5BF5A800ED012E /* GreetingListViewController.swift */; };
		CEF347EB2A5C37DB00ED012E /* GreetingTableViewCell.swift in Sources */ = {isa = PBXBuildFile; fileRef = CEF347EA2A5C37DA00ED012E /* GreetingTableViewCell.swift */; };
		CEF347EE2A5C38BD00ED012E /* GreetingCellModel.swift in Sources */ = {isa = PBXBuildFile; fileRef = CEF347ED2A5C38BD00ED012E /* GreetingCellModel.swift */; };
/* End PBXBuildFile section */

/* Begin PBXContainerItemProxy section */
		CEE3E78D2A17A93300BC1464 /* PBXContainerItemProxy */ = {
			isa = PBXContainerItemProxy;
			containerPortal = CEE3E76E2A17A93200BC1464 /* Project object */;
			proxyType = 1;
			remoteGlobalIDString = CEE3E7752A17A93200BC1464;
			remoteInfo = "Waving-iOS";
		};
		CEE3E7972A17A93300BC1464 /* PBXContainerItemProxy */ = {
			isa = PBXContainerItemProxy;
			containerPortal = CEE3E76E2A17A93200BC1464 /* Project object */;
			proxyType = 1;
			remoteGlobalIDString = CEE3E7752A17A93200BC1464;
			remoteInfo = "Waving-iOS";
		};
/* End PBXContainerItemProxy section */

/* Begin PBXFileReference section */
		A8253D532A46A77A00AE8101 /* FriendsViewModel.swift */ = {isa = PBXFileReference; lastKnownFileType = sourcecode.swift; path = FriendsViewModel.swift; sourceTree = "<group>"; };
		A8253D592A46E1AB00AE8101 /* FriendsIntroView.swift */ = {isa = PBXFileReference; lastKnownFileType = sourcecode.swift; path = FriendsIntroView.swift; sourceTree = "<group>"; };
		A8253D5B2A46E1C000AE8101 /* FriendsListView.swift */ = {isa = PBXFileReference; lastKnownFileType = sourcecode.swift; path = FriendsListView.swift; sourceTree = "<group>"; };
		A82EC6622A2634B500DABF26 /* Colors.swift */ = {isa = PBXFileReference; lastKnownFileType = sourcecode.swift; path = Colors.swift; sourceTree = "<group>"; };
		A82EC6792A263D1800DABF26 /* FontManager.swift */ = {isa = PBXFileReference; lastKnownFileType = sourcecode.swift; path = FontManager.swift; sourceTree = "<group>"; };
		A836B1852A69D21300D9F02F /* FriendsDisconnectView.swift */ = {isa = PBXFileReference; lastKnownFileType = sourcecode.swift; path = FriendsDisconnectView.swift; sourceTree = "<group>"; };
		A836B1872A6A04DD00D9F02F /* FriendAddView.swift */ = {isa = PBXFileReference; lastKnownFileType = sourcecode.swift; path = FriendAddView.swift; sourceTree = "<group>"; };
		A836B19A2A6CE96100D9F02F /* FriendsModel.swift */ = {isa = PBXFileReference; lastKnownFileType = sourcecode.swift; path = FriendsModel.swift; sourceTree = "<group>"; };
		A836B19C2A6CFB2700D9F02F /* ContactModel.swift */ = {isa = PBXFileReference; lastKnownFileType = sourcecode.swift; path = ContactModel.swift; sourceTree = "<group>"; };
		A89871A92A5B9576008F0FAA /* FriendsContactViewController.swift */ = {isa = PBXFileReference; lastKnownFileType = sourcecode.swift; path = FriendsContactViewController.swift; sourceTree = "<group>"; };
		A89871AF2A5D8069008F0FAA /* FriendsContactViewModel.swift */ = {isa = PBXFileReference; lastKnownFileType = sourcecode.swift; path = FriendsContactViewModel.swift; sourceTree = "<group>"; };
		A89871B12A5DB865008F0FAA /* FriendsContactCollectionViewCell.swift */ = {isa = PBXFileReference; lastKnownFileType = sourcecode.swift; path = FriendsContactCollectionViewCell.swift; sourceTree = "<group>"; };
		A8A45CBD2A409856001F02C7 /* ErrorMessage.swift */ = {isa = PBXFileReference; lastKnownFileType = sourcecode.swift; path = ErrorMessage.swift; sourceTree = "<group>"; };
		A8A45CBF2A409B75001F02C7 /* NavigationView.swift */ = {isa = PBXFileReference; lastKnownFileType = sourcecode.swift; path = NavigationView.swift; sourceTree = "<group>"; };
		A8C792742A4CC0060032FDFC /* Networkable.swift */ = {isa = PBXFileReference; lastKnownFileType = sourcecode.swift; path = Networkable.swift; sourceTree = "<group>"; };
		A8C792782A4CD7EF0032FDFC /* ResponseData.swift */ = {isa = PBXFileReference; lastKnownFileType = sourcecode.swift; path = ResponseData.swift; sourceTree = "<group>"; };
		A8C7927A2A4CDAA40032FDFC /* BaseTargetType.swift */ = {isa = PBXFileReference; lastKnownFileType = sourcecode.swift; path = BaseTargetType.swift; sourceTree = "<group>"; };
		A8C7927C2A4CDD390032FDFC /* URLString.swift */ = {isa = PBXFileReference; lastKnownFileType = sourcecode.swift; path = URLString.swift; sourceTree = "<group>"; };
		A8C7927F2A4CE0930032FDFC /* SignTarget.swift */ = {isa = PBXFileReference; lastKnownFileType = sourcecode.swift; path = SignTarget.swift; sourceTree = "<group>"; };
		A8C792812A4CE6D50032FDFC /* TestModel.swift */ = {isa = PBXFileReference; lastKnownFileType = sourcecode.swift; path = TestModel.swift; sourceTree = "<group>"; };
		A8C792832A4CE8570032FDFC /* SignAPI.swift */ = {isa = PBXFileReference; lastKnownFileType = sourcecode.swift; path = SignAPI.swift; sourceTree = "<group>"; };
		A8C7928B2A4E4E400032FDFC /* Toast.swift */ = {isa = PBXFileReference; lastKnownFileType = sourcecode.swift; path = Toast.swift; sourceTree = "<group>"; };
		A8C7928D2A4E5A390032FDFC /* UIApplication+.swift */ = {isa = PBXFileReference; lastKnownFileType = sourcecode.swift; path = "UIApplication+.swift"; sourceTree = "<group>"; };
		A8C7928F2A4E5F5C0032FDFC /* BasePaddingLabel.swift */ = {isa = PBXFileReference; lastKnownFileType = sourcecode.swift; path = BasePaddingLabel.swift; sourceTree = "<group>"; };
		A8C874372A6EBB4C0057EEEA /* SaveFriendsModel.swift */ = {isa = PBXFileReference; lastKnownFileType = sourcecode.swift; path = SaveFriendsModel.swift; sourceTree = "<group>"; };
		A8C8743A2A6EBF580057EEEA /* FriendsTarget.swift */ = {isa = PBXFileReference; lastKnownFileType = sourcecode.swift; path = FriendsTarget.swift; sourceTree = "<group>"; };
		A8C8743C2A6EBF610057EEEA /* FriendsAPI.swift */ = {isa = PBXFileReference; lastKnownFileType = sourcecode.swift; path = FriendsAPI.swift; sourceTree = "<group>"; };
		A8E0C0B82A23641F00C8696E /* Log.swift */ = {isa = PBXFileReference; fileEncoding = 4; lastKnownFileType = sourcecode.swift; path = Log.swift; sourceTree = "<group>"; };
		A8E0C10E2A23685C00C8696E /* SnapKitInterface.swift */ = {isa = PBXFileReference; lastKnownFileType = sourcecode.swift; path = SnapKitInterface.swift; sourceTree = "<group>"; };
		A8F4DD412A4660560045C179 /* CALayer+.swift */ = {isa = PBXFileReference; fileEncoding = 4; lastKnownFileType = sourcecode.swift; path = "CALayer+.swift"; sourceTree = "<group>"; };
		A8F4DD432A4660640045C179 /* UITabBar+.swift */ = {isa = PBXFileReference; fileEncoding = 4; lastKnownFileType = sourcecode.swift; path = "UITabBar+.swift"; sourceTree = "<group>"; };
		CE0412AA2A23552200C790F3 /* MainTabBarController.swift */ = {isa = PBXFileReference; lastKnownFileType = sourcecode.swift; path = MainTabBarController.swift; sourceTree = "<group>"; };
		CE0412AD2A2359CF00C790F3 /* MainTabBarViewModel.swift */ = {isa = PBXFileReference; lastKnownFileType = sourcecode.swift; path = MainTabBarViewModel.swift; sourceTree = "<group>"; };
		CE0412B02A23640500C790F3 /* HomeViewController.swift */ = {isa = PBXFileReference; lastKnownFileType = sourcecode.swift; path = HomeViewController.swift; sourceTree = "<group>"; };
		CE0412B22A23642200C790F3 /* FriendsViewController.swift */ = {isa = PBXFileReference; lastKnownFileType = sourcecode.swift; path = FriendsViewController.swift; sourceTree = "<group>"; };
		CE0412B42A23643400C790F3 /* SettingViewController.swift */ = {isa = PBXFileReference; lastKnownFileType = sourcecode.swift; path = SettingViewController.swift; sourceTree = "<group>"; };
		CE66AF002A63C69A001B7C96 /* GreetingSuggestionCollectionViewCell.swift */ = {isa = PBXFileReference; lastKnownFileType = sourcecode.swift; path = GreetingSuggestionCollectionViewCell.swift; sourceTree = "<group>"; };
		CE6798372A31E3DE0078F43C /* NSMutableAttributedString+.swift */ = {isa = PBXFileReference; lastKnownFileType = sourcecode.swift; path = "NSMutableAttributedString+.swift"; sourceTree = "<group>"; };
		CE6798392A31F20A0078F43C /* SignupStepEmailPasswordView.swift */ = {isa = PBXFileReference; lastKnownFileType = sourcecode.swift; path = SignupStepEmailPasswordView.swift; sourceTree = "<group>"; };
		CE67983B2A31F2500078F43C /* SignupTextFieldContainer.swift */ = {isa = PBXFileReference; lastKnownFileType = sourcecode.swift; path = SignupTextFieldContainer.swift; sourceTree = "<group>"; };
		CE8316DB2A318449007D3327 /* SignupStepViewModel.swift */ = {isa = PBXFileReference; lastKnownFileType = sourcecode.swift; path = SignupStepViewModel.swift; sourceTree = "<group>"; };
		CE8316DE2A319FB8007D3327 /* SignupStepCollectionViewCell.swift */ = {isa = PBXFileReference; lastKnownFileType = sourcecode.swift; path = SignupStepCollectionViewCell.swift; sourceTree = "<group>"; };
		CE8861ED2A2CB15300204CBA /* Pretendard-Medium.ttf */ = {isa = PBXFileReference; lastKnownFileType = file; path = "Pretendard-Medium.ttf"; sourceTree = "<group>"; };
		CE8861EE2A2CB16300204CBA /* Pretendard-Bold.ttf */ = {isa = PBXFileReference; lastKnownFileType = file; path = "Pretendard-Bold.ttf"; sourceTree = "<group>"; };
		CE8861EF2A2CB16400204CBA /* Pretendard-Regular.ttf */ = {isa = PBXFileReference; lastKnownFileType = file; path = "Pretendard-Regular.ttf"; sourceTree = "<group>"; };
		CE9BBCD22A297F7D0036E335 /* IntroViewController.swift */ = {isa = PBXFileReference; lastKnownFileType = sourcecode.swift; path = IntroViewController.swift; sourceTree = "<group>"; };
		CE9BBCDE2A2AFA3B0036E335 /* WVButton.swift */ = {isa = PBXFileReference; lastKnownFileType = sourcecode.swift; path = WVButton.swift; sourceTree = "<group>"; };
		CE9BBCE02A2B0F270036E335 /* UIColor+.swift */ = {isa = PBXFileReference; lastKnownFileType = sourcecode.swift; path = "UIColor+.swift"; sourceTree = "<group>"; };
		CE9BBCE22A2B17880036E335 /* DesignConstants.swift */ = {isa = PBXFileReference; lastKnownFileType = sourcecode.swift; path = DesignConstants.swift; sourceTree = "<group>"; };
		CE9BBCE42A2B1E490036E335 /* Color.xcassets */ = {isa = PBXFileReference; lastKnownFileType = folder.assetcatalog; path = Color.xcassets; sourceTree = "<group>"; };
		CEA32DD12A3357540006FA31 /* String+.swift */ = {isa = PBXFileReference; lastKnownFileType = sourcecode.swift; path = "String+.swift"; sourceTree = "<group>"; };
		CEA7BCC32A7FAAAF0000727C /* HomeViewModel.swift */ = {isa = PBXFileReference; lastKnownFileType = sourcecode.swift; path = HomeViewModel.swift; sourceTree = "<group>"; };
		CEB5181C2A653FA2009B88BB /* NoticeViewController.swift */ = {isa = PBXFileReference; lastKnownFileType = sourcecode.swift; path = NoticeViewController.swift; sourceTree = "<group>"; };
		CEB518232A654100009B88BB /* NoticeTableViewCell.swift */ = {isa = PBXFileReference; lastKnownFileType = sourcecode.swift; path = NoticeTableViewCell.swift; sourceTree = "<group>"; };
		CEB518252A65410D009B88BB /* NoticeCellModel.swift */ = {isa = PBXFileReference; lastKnownFileType = sourcecode.swift; path = NoticeCellModel.swift; sourceTree = "<group>"; };
		CEBC40072A486B9D001A5934 /* TopTabBarViewController.swift */ = {isa = PBXFileReference; lastKnownFileType = sourcecode.swift; path = TopTabBarViewController.swift; sourceTree = "<group>"; };
		CEBC40092A486BEF001A5934 /* TabView.swift */ = {isa = PBXFileReference; lastKnownFileType = sourcecode.swift; path = TabView.swift; sourceTree = "<group>"; };
		CEBC400C2A486C32001A5934 /* TabViewStyle.swift */ = {isa = PBXFileReference; lastKnownFileType = sourcecode.swift; path = TabViewStyle.swift; sourceTree = "<group>"; };
		CEBC400E2A486D09001A5934 /* TabViewModel.swift */ = {isa = PBXFileReference; lastKnownFileType = sourcecode.swift; path = TabViewModel.swift; sourceTree = "<group>"; };
		CEBC40102A486D33001A5934 /* TabViewCollectionViewCellModel.swift */ = {isa = PBXFileReference; lastKnownFileType = sourcecode.swift; path = TabViewCollectionViewCellModel.swift; sourceTree = "<group>"; };
		CEBC40122A486D78001A5934 /* Array+.swift */ = {isa = PBXFileReference; lastKnownFileType = sourcecode.swift; path = "Array+.swift"; sourceTree = "<group>"; };
		CEBC40142A486F55001A5934 /* TabViewCollectionViewCell.swift */ = {isa = PBXFileReference; lastKnownFileType = sourcecode.swift; path = TabViewCollectionViewCell.swift; sourceTree = "<group>"; };
		CEC6CF7E2A61147500175391 /* GreetingModel.swift */ = {isa = PBXFileReference; lastKnownFileType = sourcecode.swift; path = GreetingModel.swift; sourceTree = "<group>"; };
		CEC6CF802A6184A100175391 /* HomeNavigationView.swift */ = {isa = PBXFileReference; lastKnownFileType = sourcecode.swift; path = HomeNavigationView.swift; sourceTree = "<group>"; };
		CEC6CF932A618F7F00175391 /* GreetingCategoryCollectionViewCell.swift */ = {isa = PBXFileReference; lastKnownFileType = sourcecode.swift; name = GreetingCategoryCollectionViewCell.swift; path = "Waving-iOS/Presentation/MainTabBar/View/GreetingCategoryCollectionViewCell.swift"; sourceTree = SOURCE_ROOT; };
		CEC778A62A74F42600C42A01 /* GreetingSuggestionCellModel.swift */ = {isa = PBXFileReference; lastKnownFileType = sourcecode.swift; path = GreetingSuggestionCellModel.swift; sourceTree = "<group>"; };
		CEC778CA2A768A8100C42A01 /* NSAttributedString+.swift */ = {isa = PBXFileReference; lastKnownFileType = sourcecode.swift; path = "NSAttributedString+.swift"; sourceTree = "<group>"; };
		CEC778CC2A768B6000C42A01 /* UIWindow+.swift */ = {isa = PBXFileReference; lastKnownFileType = sourcecode.swift; path = "UIWindow+.swift"; sourceTree = "<group>"; };
		CEC778CE2A769BF600C42A01 /* Pretendard-SemiBold.ttf */ = {isa = PBXFileReference; lastKnownFileType = file; path = "Pretendard-SemiBold.ttf"; sourceTree = "<group>"; };
		CED363CD2A321FCE00119CE5 /* WVTextField.swift */ = {isa = PBXFileReference; lastKnownFileType = sourcecode.swift; path = WVTextField.swift; sourceTree = "<group>"; };
		CED363CF2A32227E00119CE5 /* SignDataStore.swift */ = {isa = PBXFileReference; lastKnownFileType = sourcecode.swift; path = SignDataStore.swift; sourceTree = "<group>"; };
		CED83A8B2A2B71460031AFF0 /* IntroViewModel.swift */ = {isa = PBXFileReference; lastKnownFileType = sourcecode.swift; path = IntroViewModel.swift; sourceTree = "<group>"; };
		CED83A9E2A2B86F40031AFF0 /* SignupViewController.swift */ = {isa = PBXFileReference; lastKnownFileType = sourcecode.swift; path = SignupViewController.swift; sourceTree = "<group>"; };
		CED83AA02A2B87050031AFF0 /* LoginViewController.swift */ = {isa = PBXFileReference; lastKnownFileType = sourcecode.swift; path = LoginViewController.swift; sourceTree = "<group>"; };
		CED9EAB32A3C3C5700BA8737 /* SignupStepTermOfUseView.swift */ = {isa = PBXFileReference; lastKnownFileType = sourcecode.swift; path = SignupStepTermOfUseView.swift; sourceTree = "<group>"; };
		CED9EAB52A3C414B00BA8737 /* SignupTermsOfUseButton.swift */ = {isa = PBXFileReference; lastKnownFileType = sourcecode.swift; path = SignupTermsOfUseButton.swift; sourceTree = "<group>"; };
		CEDC67852A6C94BC009D37AE /* HomeCollectionReusableView.swift */ = {isa = PBXFileReference; lastKnownFileType = sourcecode.swift; path = HomeCollectionReusableView.swift; sourceTree = "<group>"; };
		CEDC67872A6C95B1009D37AE /* HomeCollectionHeaderViewModel.swift */ = {isa = PBXFileReference; lastKnownFileType = sourcecode.swift; path = HomeCollectionHeaderViewModel.swift; sourceTree = "<group>"; };
		CEDC679A2A6CA7E9009D37AE /* GreetingCategoryCellModel.swift */ = {isa = PBXFileReference; lastKnownFileType = sourcecode.swift; path = GreetingCategoryCellModel.swift; sourceTree = "<group>"; };
		CEE16BFB2A3482C2003EC97E /* SignupStepUsernameView.swift */ = {isa = PBXFileReference; lastKnownFileType = sourcecode.swift; path = SignupStepUsernameView.swift; sourceTree = "<group>"; };
		CEE16BFD2A3484DF003EC97E /* SignupStepBirthdateView.swift */ = {isa = PBXFileReference; lastKnownFileType = sourcecode.swift; path = SignupStepBirthdateView.swift; sourceTree = "<group>"; };
		CEE16BFF2A34867C003EC97E /* SignupStepPhoneNumberView.swift */ = {isa = PBXFileReference; lastKnownFileType = sourcecode.swift; path = SignupStepPhoneNumberView.swift; sourceTree = "<group>"; };
		CEE3E7762A17A93200BC1464 /* Waving-iOS.app */ = {isa = PBXFileReference; explicitFileType = wrapper.application; includeInIndex = 0; path = "Waving-iOS.app"; sourceTree = BUILT_PRODUCTS_DIR; };
		CEE3E7792A17A93200BC1464 /* AppDelegate.swift */ = {isa = PBXFileReference; lastKnownFileType = sourcecode.swift; path = AppDelegate.swift; sourceTree = "<group>"; };
		CEE3E77B2A17A93200BC1464 /* SceneDelegate.swift */ = {isa = PBXFileReference; lastKnownFileType = sourcecode.swift; path = SceneDelegate.swift; sourceTree = "<group>"; };
		CEE3E77D2A17A93200BC1464 /* ViewController.swift */ = {isa = PBXFileReference; lastKnownFileType = sourcecode.swift; path = ViewController.swift; sourceTree = "<group>"; };
		CEE3E7822A17A93300BC1464 /* Assets.xcassets */ = {isa = PBXFileReference; lastKnownFileType = folder.assetcatalog; path = Assets.xcassets; sourceTree = "<group>"; };
		CEE3E7852A17A93300BC1464 /* Base */ = {isa = PBXFileReference; lastKnownFileType = file.storyboard; name = Base; path = Base.lproj/LaunchScreen.storyboard; sourceTree = "<group>"; };
		CEE3E7872A17A93300BC1464 /* Info.plist */ = {isa = PBXFileReference; lastKnownFileType = text.plist.xml; path = Info.plist; sourceTree = "<group>"; };
		CEE3E78C2A17A93300BC1464 /* Waving-iOSTests.xctest */ = {isa = PBXFileReference; explicitFileType = wrapper.cfbundle; includeInIndex = 0; path = "Waving-iOSTests.xctest"; sourceTree = BUILT_PRODUCTS_DIR; };
		CEE3E7902A17A93300BC1464 /* Waving_iOSTests.swift */ = {isa = PBXFileReference; lastKnownFileType = sourcecode.swift; path = Waving_iOSTests.swift; sourceTree = "<group>"; };
		CEE3E7962A17A93300BC1464 /* Waving-iOSUITests.xctest */ = {isa = PBXFileReference; explicitFileType = wrapper.cfbundle; includeInIndex = 0; path = "Waving-iOSUITests.xctest"; sourceTree = BUILT_PRODUCTS_DIR; };
		CEE3E79A2A17A93300BC1464 /* Waving_iOSUITests.swift */ = {isa = PBXFileReference; lastKnownFileType = sourcecode.swift; path = Waving_iOSUITests.swift; sourceTree = "<group>"; };
		CEE3E79C2A17A93300BC1464 /* Waving_iOSUITestsLaunchTests.swift */ = {isa = PBXFileReference; lastKnownFileType = sourcecode.swift; path = Waving_iOSUITestsLaunchTests.swift; sourceTree = "<group>"; };
		CEF2E5872A470F6300128C55 /* SignupStepCompleteView.swift */ = {isa = PBXFileReference; lastKnownFileType = sourcecode.swift; path = SignupStepCompleteView.swift; sourceTree = "<group>"; };
		CEF31EE52A5FC74E00534D44 /* GreetingAPI.swift */ = {isa = PBXFileReference; lastKnownFileType = sourcecode.swift; path = GreetingAPI.swift; sourceTree = "<group>"; };
		CEF31EE72A5FC77300534D44 /* GreetingTarget.swift */ = {isa = PBXFileReference; lastKnownFileType = sourcecode.swift; path = GreetingTarget.swift; sourceTree = "<group>"; };
		CEF347C52A5BF5A800ED012E /* GreetingListViewController.swift */ = {isa = PBXFileReference; lastKnownFileType = sourcecode.swift; path = GreetingListViewController.swift; sourceTree = "<group>"; };
		CEF347EA2A5C37DA00ED012E /* GreetingTableViewCell.swift */ = {isa = PBXFileReference; lastKnownFileType = sourcecode.swift; path = GreetingTableViewCell.swift; sourceTree = "<group>"; };
		CEF347ED2A5C38BD00ED012E /* GreetingCellModel.swift */ = {isa = PBXFileReference; lastKnownFileType = sourcecode.swift; path = GreetingCellModel.swift; sourceTree = "<group>"; };
/* End PBXFileReference section */

/* Begin PBXFrameworksBuildPhase section */
		CEE3E7732A17A93200BC1464 /* Frameworks */ = {
			isa = PBXFrameworksBuildPhase;
			buildActionMask = 2147483647;
			files = (
				A8E0C0EE2A23659400C8696E /* RxSwift in Frameworks */,
				A8E0C0EC2A23659400C8696E /* RxRelay in Frameworks */,
				A8E0C10A2A23669A00C8696E /* Moya in Frameworks */,
				A8E0C0EA2A23659400C8696E /* RxCocoa in Frameworks */,
				A8E0C0F12A2365B500C8696E /* Then in Frameworks */,
				A8E0C0F42A2365E000C8696E /* SnapKit in Frameworks */,
			);
			runOnlyForDeploymentPostprocessing = 0;
		};
		CEE3E7892A17A93300BC1464 /* Frameworks */ = {
			isa = PBXFrameworksBuildPhase;
			buildActionMask = 2147483647;
			files = (
			);
			runOnlyForDeploymentPostprocessing = 0;
		};
		CEE3E7932A17A93300BC1464 /* Frameworks */ = {
			isa = PBXFrameworksBuildPhase;
			buildActionMask = 2147483647;
			files = (
			);
			runOnlyForDeploymentPostprocessing = 0;
		};
/* End PBXFrameworksBuildPhase section */

/* Begin PBXGroup section */
		A8253D4B2A46A5CB00AE8101 /* Friends */ = {
			isa = PBXGroup;
			children = (
				A8253D552A46AF6600AE8101 /* View */,
				A8253D522A46A75B00AE8101 /* ViewModel */,
				A89871A42A5B9514008F0FAA /* ViewController */,
			);
			path = Friends;
			sourceTree = "<group>";
		};
		A8253D522A46A75B00AE8101 /* ViewModel */ = {
			isa = PBXGroup;
			children = (
				A8253D532A46A77A00AE8101 /* FriendsViewModel.swift */,
				A89871AF2A5D8069008F0FAA /* FriendsContactViewModel.swift */,
			);
			path = ViewModel;
			sourceTree = "<group>";
		};
		A8253D552A46AF6600AE8101 /* View */ = {
			isa = PBXGroup;
			children = (
				A8253D592A46E1AB00AE8101 /* FriendsIntroView.swift */,
				A836B1872A6A04DD00D9F02F /* FriendAddView.swift */,
				A836B1852A69D21300D9F02F /* FriendsDisconnectView.swift */,
				A8253D5B2A46E1C000AE8101 /* FriendsListView.swift */,
				A89871B12A5DB865008F0FAA /* FriendsContactCollectionViewCell.swift */,
			);
			path = View;
			sourceTree = "<group>";
		};
		A82EC65F2A26340B00DABF26 /* DesignSystem */ = {
			isa = PBXGroup;
			children = (
				A8A45CBC2A4097C2001F02C7 /* Message */,
				A82EC67B2A26407000DABF26 /* Components */,
				A82EC6612A26344200DABF26 /* Font */,
				A82EC6602A26343A00DABF26 /* Color */,
			);
			path = DesignSystem;
			sourceTree = "<group>";
		};
		A82EC6602A26343A00DABF26 /* Color */ = {
			isa = PBXGroup;
			children = (
				A82EC6622A2634B500DABF26 /* Colors.swift */,
			);
			path = Color;
			sourceTree = "<group>";
		};
		A82EC6612A26344200DABF26 /* Font */ = {
			isa = PBXGroup;
			children = (
				A82EC6642A2637F200DABF26 /* Pretendard */,
				A82EC6792A263D1800DABF26 /* FontManager.swift */,
			);
			path = Font;
			sourceTree = "<group>";
		};
		A82EC6642A2637F200DABF26 /* Pretendard */ = {
			isa = PBXGroup;
			children = (
				CE8861ED2A2CB15300204CBA /* Pretendard-Medium.ttf */,
				CE8861EF2A2CB16400204CBA /* Pretendard-Regular.ttf */,
				CE8861EE2A2CB16300204CBA /* Pretendard-Bold.ttf */,
				CEC778CE2A769BF600C42A01 /* Pretendard-SemiBold.ttf */,
			);
			path = Pretendard;
			sourceTree = "<group>";
		};
		A82EC67B2A26407000DABF26 /* Components */ = {
			isa = PBXGroup;
			children = (
				A82EC67C2A26407E00DABF26 /* NavigationBar */,
			);
			path = Components;
			sourceTree = "<group>";
		};
		A82EC67C2A26407E00DABF26 /* NavigationBar */ = {
			isa = PBXGroup;
			children = (
				A8A45CBF2A409B75001F02C7 /* NavigationView.swift */,
				CEC6CF802A6184A100175391 /* HomeNavigationView.swift */,
			);
			path = NavigationBar;
			sourceTree = "<group>";
		};
		A836B1952A6CE8BE00D9F02F /* Extension */ = {
			isa = PBXGroup;
			children = (
				A8F4DD432A4660640045C179 /* UITabBar+.swift */,
				A8F4DD412A4660560045C179 /* CALayer+.swift */,
				CE9BBCE02A2B0F270036E335 /* UIColor+.swift */,
				CE6798372A31E3DE0078F43C /* NSMutableAttributedString+.swift */,
				CEA32DD12A3357540006FA31 /* String+.swift */,
				A8C7928D2A4E5A390032FDFC /* UIApplication+.swift */,
				CEBC40122A486D78001A5934 /* Array+.swift */,
				CEC778CA2A768A8100C42A01 /* NSAttributedString+.swift */,
				CEC778CC2A768B6000C42A01 /* UIWindow+.swift */,
			);
			path = Extension;
			sourceTree = "<group>";
		};
		A836B1972A6CE93200D9F02F /* Friends */ = {
			isa = PBXGroup;
			children = (
				A836B19A2A6CE96100D9F02F /* FriendsModel.swift */,
				A836B19C2A6CFB2700D9F02F /* ContactModel.swift */,
				A8C874372A6EBB4C0057EEEA /* SaveFriendsModel.swift */,
			);
			path = Friends;
			sourceTree = "<group>";
		};
		A89871A42A5B9514008F0FAA /* ViewController */ = {
			isa = PBXGroup;
			children = (
				A89871A92A5B9576008F0FAA /* FriendsContactViewController.swift */,
			);
			path = ViewController;
			sourceTree = "<group>";
		};
		A8A45CBC2A4097C2001F02C7 /* Message */ = {
			isa = PBXGroup;
			children = (
				A8A45CBD2A409856001F02C7 /* ErrorMessage.swift */,
			);
			path = Message;
			sourceTree = "<group>";
		};
		A8C792722A4C66640032FDFC /* Data */ = {
			isa = PBXGroup;
			children = (
				A8C792732A4C66690032FDFC /* Network */,
			);
			path = Data;
			sourceTree = "<group>";
		};
		A8C792732A4C66690032FDFC /* Network */ = {
			isa = PBXGroup;
			children = (
				A8C874392A6EBF490057EEEA /* Friends */,
				CEBD75322A5EC58D00629852 /* Greeting */,
				A8C7927E2A4CE03D0032FDFC /* Sign */,
				A8C792742A4CC0060032FDFC /* Networkable.swift */,
				A8C792782A4CD7EF0032FDFC /* ResponseData.swift */,
				A8C7927A2A4CDAA40032FDFC /* BaseTargetType.swift */,
				A8C7927C2A4CDD390032FDFC /* URLString.swift */,
			);
			path = Network;
			sourceTree = "<group>";
		};
		A8C7927E2A4CE03D0032FDFC /* Sign */ = {
			isa = PBXGroup;
			children = (
				A8C7927F2A4CE0930032FDFC /* SignTarget.swift */,
				A8C792832A4CE8570032FDFC /* SignAPI.swift */,
			);
			path = Sign;
			sourceTree = "<group>";
		};
		A8C874392A6EBF490057EEEA /* Friends */ = {
			isa = PBXGroup;
			children = (
				A8C8743A2A6EBF580057EEEA /* FriendsTarget.swift */,
				A8C8743C2A6EBF610057EEEA /* FriendsAPI.swift */,
			);
			path = Friends;
			sourceTree = "<group>";
		};
		A8E0C0B22A23636100C8696E /* Application */ = {
			isa = PBXGroup;
			children = (
				CEE3E77B2A17A93200BC1464 /* SceneDelegate.swift */,
				CEE3E7792A17A93200BC1464 /* AppDelegate.swift */,
				CED363CF2A32227E00119CE5 /* SignDataStore.swift */,
			);
			path = Application;
			sourceTree = "<group>";
		};
		A8E0C0B52A23639400C8696E /* Presentation */ = {
			isa = PBXGroup;
			children = (
				CEB5181E2A6540AF009B88BB /* Notice */,
				CE3A48A22A52E0AD00893E7E /* Main */,
				CE9BBCDD2A2AF9DA0036E335 /* Common */,
				CE9BBCD72A297FAE0036E335 /* MainTabBar */,
				CE9BBCD62A297FA50036E335 /* Signup */,
				A8253D4B2A46A5CB00AE8101 /* Friends */,
				CE9BBCDB2A297FD90036E335 /* Etc */,
			);
			path = Presentation;
			sourceTree = "<group>";
		};
		A8E0C0B62A2363A200C8696E /* Resources */ = {
			isa = PBXGroup;
			children = (
				CEE3E7822A17A93300BC1464 /* Assets.xcassets */,
				CEE3E7842A17A93300BC1464 /* LaunchScreen.storyboard */,
				CE9BBCE42A2B1E490036E335 /* Color.xcassets */,
			);
			path = Resources;
			sourceTree = "<group>";
		};
		A8E0C0B72A23641000C8696E /* Support */ = {
			isa = PBXGroup;
			children = (
				A836B1952A6CE8BE00D9F02F /* Extension */,
				A8E0C0B82A23641F00C8696E /* Log.swift */,
			);
			path = Support;
			sourceTree = "<group>";
		};
		A8E0C10B2A23678800C8696E /* Domain */ = {
			isa = PBXGroup;
			children = (
				A836B1972A6CE93200D9F02F /* Friends */,
				A8E0C10C2A23679800C8696E /* Enitites */,
				A8C792812A4CE6D50032FDFC /* TestModel.swift */,
				CEC6CF7E2A61147500175391 /* GreetingModel.swift */,
			);
			path = Domain;
			sourceTree = "<group>";
		};
		A8E0C10C2A23679800C8696E /* Enitites */ = {
			isa = PBXGroup;
			children = (
				A8E0C10D2A23684300C8696E /* Interface */,
			);
			path = Enitites;
			sourceTree = "<group>";
		};
		A8E0C10D2A23684300C8696E /* Interface */ = {
			isa = PBXGroup;
			children = (
				A8E0C10E2A23685C00C8696E /* SnapKitInterface.swift */,
			);
			path = Interface;
			sourceTree = "<group>";
		};
		CE3A48A22A52E0AD00893E7E /* Main */ = {
			isa = PBXGroup;
			children = (
				CEF347EC2A5C38AC00ED012E /* ViewModel */,
				CEF347E92A5C379300ED012E /* View */,
				CE3A48A32A52E0BF00893E7E /* ViewController */,
			);
			path = Main;
			sourceTree = "<group>";
		};
		CE3A48A32A52E0BF00893E7E /* ViewController */ = {
			isa = PBXGroup;
			children = (
				CEF347C52A5BF5A800ED012E /* GreetingListViewController.swift */,
			);
			path = ViewController;
			sourceTree = "<group>";
		};
		CE8316DD2A319FA0007D3327 /* View */ = {
			isa = PBXGroup;
			children = (
				CE67983B2A31F2500078F43C /* SignupTextFieldContainer.swift */,
				CE8316DE2A319FB8007D3327 /* SignupStepCollectionViewCell.swift */,
				CE6798392A31F20A0078F43C /* SignupStepEmailPasswordView.swift */,
				CEE16BFB2A3482C2003EC97E /* SignupStepUsernameView.swift */,
				CEE16BFD2A3484DF003EC97E /* SignupStepBirthdateView.swift */,
				CEE16BFF2A34867C003EC97E /* SignupStepPhoneNumberView.swift */,
				CED9EAB32A3C3C5700BA8737 /* SignupStepTermOfUseView.swift */,
				CEF2E5872A470F6300128C55 /* SignupStepCompleteView.swift */,
				CED9EAB52A3C414B00BA8737 /* SignupTermsOfUseButton.swift */,
			);
			path = View;
			sourceTree = "<group>";
		};
		CE9BBCD52A297F9B0036E335 /* ViewModel */ = {
			isa = PBXGroup;
			children = (
				CE0412AD2A2359CF00C790F3 /* MainTabBarViewModel.swift */,
				CEDC67872A6C95B1009D37AE /* HomeCollectionHeaderViewModel.swift */,
				CEDC679A2A6CA7E9009D37AE /* GreetingCategoryCellModel.swift */,
				CEC778A62A74F42600C42A01 /* GreetingSuggestionCellModel.swift */,
				CEA7BCC32A7FAAAF0000727C /* HomeViewModel.swift */,
			);
			path = ViewModel;
			sourceTree = "<group>";
		};
		CE9BBCD62A297FA50036E335 /* Signup */ = {
			isa = PBXGroup;
			children = (
				CE8316DD2A319FA0007D3327 /* View */,
				CE9BBCDA2A297FD10036E335 /* ViewController */,
				CE9BBCDC2A297FED0036E335 /* ViewModel */,
			);
			path = Signup;
			sourceTree = "<group>";
		};
		CE9BBCD72A297FAE0036E335 /* MainTabBar */ = {
			isa = PBXGroup;
			children = (
				CEC6CF952A618F8D00175391 /* View */,
				CE9BBCD92A297FC70036E335 /* ViewController */,
				CE9BBCD52A297F9B0036E335 /* ViewModel */,
			);
			path = MainTabBar;
			sourceTree = "<group>";
		};
		CE9BBCD92A297FC70036E335 /* ViewController */ = {
			isa = PBXGroup;
			children = (
				CE0412AA2A23552200C790F3 /* MainTabBarController.swift */,
				CE0412B02A23640500C790F3 /* HomeViewController.swift */,
				CE0412B22A23642200C790F3 /* FriendsViewController.swift */,
				CE0412B42A23643400C790F3 /* SettingViewController.swift */,
			);
			path = ViewController;
			sourceTree = "<group>";
		};
		CE9BBCDA2A297FD10036E335 /* ViewController */ = {
			isa = PBXGroup;
			children = (
				CE9BBCD22A297F7D0036E335 /* IntroViewController.swift */,
				CED83A9E2A2B86F40031AFF0 /* SignupViewController.swift */,
				CED83AA02A2B87050031AFF0 /* LoginViewController.swift */,
			);
			path = ViewController;
			sourceTree = "<group>";
		};
		CE9BBCDB2A297FD90036E335 /* Etc */ = {
			isa = PBXGroup;
			children = (
				CEE3E77D2A17A93200BC1464 /* ViewController.swift */,
			);
			path = Etc;
			sourceTree = "<group>";
		};
		CE9BBCDC2A297FED0036E335 /* ViewModel */ = {
			isa = PBXGroup;
			children = (
				CED83A8B2A2B71460031AFF0 /* IntroViewModel.swift */,
				CE8316DB2A318449007D3327 /* SignupStepViewModel.swift */,
			);
			path = ViewModel;
			sourceTree = "<group>";
		};
		CE9BBCDD2A2AF9DA0036E335 /* Common */ = {
			isa = PBXGroup;
			children = (
				CEBC400B2A486C26001A5934 /* TabView */,
				CE9BBCDE2A2AFA3B0036E335 /* WVButton.swift */,
				CED363CD2A321FCE00119CE5 /* WVTextField.swift */,
				CE9BBCE22A2B17880036E335 /* DesignConstants.swift */,
				A8C7928B2A4E4E400032FDFC /* Toast.swift */,
				A8C7928F2A4E5F5C0032FDFC /* BasePaddingLabel.swift */,
			);
			path = Common;
			sourceTree = "<group>";
		};
		CEB5181E2A6540AF009B88BB /* Notice */ = {
			isa = PBXGroup;
			children = (
				CEB518212A6540BD009B88BB /* View */,
				CEB518202A6540B9009B88BB /* ViewModel */,
				CEB5181F2A6540B4009B88BB /* ViewController */,
			);
			path = Notice;
			sourceTree = "<group>";
		};
		CEB5181F2A6540B4009B88BB /* ViewController */ = {
			isa = PBXGroup;
			children = (
				CEB5181C2A653FA2009B88BB /* NoticeViewController.swift */,
			);
			path = ViewController;
			sourceTree = "<group>";
		};
		CEB518202A6540B9009B88BB /* ViewModel */ = {
			isa = PBXGroup;
			children = (
				CEB518252A65410D009B88BB /* NoticeCellModel.swift */,
			);
			path = ViewModel;
			sourceTree = "<group>";
		};
		CEB518212A6540BD009B88BB /* View */ = {
			isa = PBXGroup;
			children = (
				CEB518232A654100009B88BB /* NoticeTableViewCell.swift */,
			);
			path = View;
			sourceTree = "<group>";
		};
		CEBC400B2A486C26001A5934 /* TabView */ = {
			isa = PBXGroup;
			children = (
				CEBC40072A486B9D001A5934 /* TopTabBarViewController.swift */,
				CEBC40092A486BEF001A5934 /* TabView.swift */,
				CEBC400C2A486C32001A5934 /* TabViewStyle.swift */,
				CEBC400E2A486D09001A5934 /* TabViewModel.swift */,
				CEBC40102A486D33001A5934 /* TabViewCollectionViewCellModel.swift */,
				CEBC40142A486F55001A5934 /* TabViewCollectionViewCell.swift */,
			);
			path = TabView;
			sourceTree = "<group>";
		};
		CEBD75322A5EC58D00629852 /* Greeting */ = {
			isa = PBXGroup;
			children = (
				CEF31EE72A5FC77300534D44 /* GreetingTarget.swift */,
				CEF31EE52A5FC74E00534D44 /* GreetingAPI.swift */,
			);
			path = Greeting;
			sourceTree = "<group>";
		};
		CEC6CF952A618F8D00175391 /* View */ = {
			isa = PBXGroup;
			children = (
				CEC6CF932A618F7F00175391 /* GreetingCategoryCollectionViewCell.swift */,
				CE66AF002A63C69A001B7C96 /* GreetingSuggestionCollectionViewCell.swift */,
				CEDC67852A6C94BC009D37AE /* HomeCollectionReusableView.swift */,
			);
			path = View;
			sourceTree = "<group>";
		};
		CEE3E76D2A17A93200BC1464 = {
			isa = PBXGroup;
			children = (
				CEE3E7782A17A93200BC1464 /* Waving-iOS */,
				CEE3E78F2A17A93300BC1464 /* Waving-iOSTests */,
				CEE3E7992A17A93300BC1464 /* Waving-iOSUITests */,
				CEE3E7772A17A93200BC1464 /* Products */,
			);
			sourceTree = "<group>";
		};
		CEE3E7772A17A93200BC1464 /* Products */ = {
			isa = PBXGroup;
			children = (
				CEE3E7762A17A93200BC1464 /* Waving-iOS.app */,
				CEE3E78C2A17A93300BC1464 /* Waving-iOSTests.xctest */,
				CEE3E7962A17A93300BC1464 /* Waving-iOSUITests.xctest */,
			);
			name = Products;
			sourceTree = "<group>";
		};
		CEE3E7782A17A93200BC1464 /* Waving-iOS */ = {
			isa = PBXGroup;
			children = (
				A8E0C10B2A23678800C8696E /* Domain */,
				A8E0C0B52A23639400C8696E /* Presentation */,
				A8C792722A4C66640032FDFC /* Data */,
				A8E0C0B72A23641000C8696E /* Support */,
				A82EC65F2A26340B00DABF26 /* DesignSystem */,
				A8E0C0B62A2363A200C8696E /* Resources */,
				A8E0C0B22A23636100C8696E /* Application */,
				CEE3E7872A17A93300BC1464 /* Info.plist */,
			);
			path = "Waving-iOS";
			sourceTree = "<group>";
		};
		CEE3E78F2A17A93300BC1464 /* Waving-iOSTests */ = {
			isa = PBXGroup;
			children = (
				CEE3E7902A17A93300BC1464 /* Waving_iOSTests.swift */,
			);
			path = "Waving-iOSTests";
			sourceTree = "<group>";
		};
		CEE3E7992A17A93300BC1464 /* Waving-iOSUITests */ = {
			isa = PBXGroup;
			children = (
				CEE3E79A2A17A93300BC1464 /* Waving_iOSUITests.swift */,
				CEE3E79C2A17A93300BC1464 /* Waving_iOSUITestsLaunchTests.swift */,
			);
			path = "Waving-iOSUITests";
			sourceTree = "<group>";
		};
		CEF347E92A5C379300ED012E /* View */ = {
			isa = PBXGroup;
			children = (
				CEF347EA2A5C37DA00ED012E /* GreetingTableViewCell.swift */,
			);
			path = View;
			sourceTree = "<group>";
		};
		CEF347EC2A5C38AC00ED012E /* ViewModel */ = {
			isa = PBXGroup;
			children = (
				CEF347ED2A5C38BD00ED012E /* GreetingCellModel.swift */,
			);
			path = ViewModel;
			sourceTree = "<group>";
		};
/* End PBXGroup section */

/* Begin PBXNativeTarget section */
		CEE3E7752A17A93200BC1464 /* Waving-iOS */ = {
			isa = PBXNativeTarget;
			buildConfigurationList = CEE3E7A02A17A93300BC1464 /* Build configuration list for PBXNativeTarget "Waving-iOS" */;
			buildPhases = (
				CEE3E7722A17A93200BC1464 /* Sources */,
				CEE3E7732A17A93200BC1464 /* Frameworks */,
				CEE3E7742A17A93200BC1464 /* Resources */,
			);
			buildRules = (
			);
			dependencies = (
			);
			name = "Waving-iOS";
			packageProductDependencies = (
				A8E0C0E92A23659400C8696E /* RxCocoa */,
				A8E0C0EB2A23659400C8696E /* RxRelay */,
				A8E0C0ED2A23659400C8696E /* RxSwift */,
				A8E0C0F02A2365B500C8696E /* Then */,
				A8E0C0F32A2365E000C8696E /* SnapKit */,
				A8E0C1092A23669A00C8696E /* Moya */,
			);
			productName = "Waving-iOS";
			productReference = CEE3E7762A17A93200BC1464 /* Waving-iOS.app */;
			productType = "com.apple.product-type.application";
		};
		CEE3E78B2A17A93300BC1464 /* Waving-iOSTests */ = {
			isa = PBXNativeTarget;
			buildConfigurationList = CEE3E7A32A17A93300BC1464 /* Build configuration list for PBXNativeTarget "Waving-iOSTests" */;
			buildPhases = (
				CEE3E7882A17A93300BC1464 /* Sources */,
				CEE3E7892A17A93300BC1464 /* Frameworks */,
				CEE3E78A2A17A93300BC1464 /* Resources */,
			);
			buildRules = (
			);
			dependencies = (
				CEE3E78E2A17A93300BC1464 /* PBXTargetDependency */,
			);
			name = "Waving-iOSTests";
			productName = "Waving-iOSTests";
			productReference = CEE3E78C2A17A93300BC1464 /* Waving-iOSTests.xctest */;
			productType = "com.apple.product-type.bundle.unit-test";
		};
		CEE3E7952A17A93300BC1464 /* Waving-iOSUITests */ = {
			isa = PBXNativeTarget;
			buildConfigurationList = CEE3E7A62A17A93300BC1464 /* Build configuration list for PBXNativeTarget "Waving-iOSUITests" */;
			buildPhases = (
				CEE3E7922A17A93300BC1464 /* Sources */,
				CEE3E7932A17A93300BC1464 /* Frameworks */,
				CEE3E7942A17A93300BC1464 /* Resources */,
			);
			buildRules = (
			);
			dependencies = (
				CEE3E7982A17A93300BC1464 /* PBXTargetDependency */,
			);
			name = "Waving-iOSUITests";
			productName = "Waving-iOSUITests";
			productReference = CEE3E7962A17A93300BC1464 /* Waving-iOSUITests.xctest */;
			productType = "com.apple.product-type.bundle.ui-testing";
		};
/* End PBXNativeTarget section */

/* Begin PBXProject section */
		CEE3E76E2A17A93200BC1464 /* Project object */ = {
			isa = PBXProject;
			attributes = {
				BuildIndependentTargetsInParallel = 1;
				LastSwiftUpdateCheck = 1430;
				LastUpgradeCheck = 1430;
				TargetAttributes = {
					CEE3E7752A17A93200BC1464 = {
						CreatedOnToolsVersion = 14.3;
					};
					CEE3E78B2A17A93300BC1464 = {
						CreatedOnToolsVersion = 14.3;
						TestTargetID = CEE3E7752A17A93200BC1464;
					};
					CEE3E7952A17A93300BC1464 = {
						CreatedOnToolsVersion = 14.3;
						TestTargetID = CEE3E7752A17A93200BC1464;
					};
				};
			};
			buildConfigurationList = CEE3E7712A17A93200BC1464 /* Build configuration list for PBXProject "Waving-iOS" */;
			compatibilityVersion = "Xcode 14.0";
			developmentRegion = en;
			hasScannedForEncodings = 0;
			knownRegions = (
				en,
				Base,
			);
			mainGroup = CEE3E76D2A17A93200BC1464;
			packageReferences = (
				A8E0C0E82A23659400C8696E /* XCRemoteSwiftPackageReference "RxSwift" */,
				A8E0C0EF2A2365B500C8696E /* XCRemoteSwiftPackageReference "Then" */,
				A8E0C0F22A2365E000C8696E /* XCRemoteSwiftPackageReference "SnapKit" */,
				A8E0C1082A23669A00C8696E /* XCRemoteSwiftPackageReference "Moya" */,
			);
			productRefGroup = CEE3E7772A17A93200BC1464 /* Products */;
			projectDirPath = "";
			projectRoot = "";
			targets = (
				CEE3E7752A17A93200BC1464 /* Waving-iOS */,
				CEE3E78B2A17A93300BC1464 /* Waving-iOSTests */,
				CEE3E7952A17A93300BC1464 /* Waving-iOSUITests */,
			);
		};
/* End PBXProject section */

/* Begin PBXResourcesBuildPhase section */
		CEE3E7742A17A93200BC1464 /* Resources */ = {
			isa = PBXResourcesBuildPhase;
			buildActionMask = 2147483647;
			files = (
				CE8861F02A2CB4CB00204CBA /* Pretendard-Medium.ttf in Resources */,
				CEE3E7862A17A93300BC1464 /* LaunchScreen.storyboard in Resources */,
				CE8861F12A2CB4CD00204CBA /* Pretendard-Regular.ttf in Resources */,
				CEE3E7832A17A93300BC1464 /* Assets.xcassets in Resources */,
				CEA7BCB12A7F97C80000727C /* Pretendard-SemiBold.ttf in Resources */,
				CE8861F22A2CB4CF00204CBA /* Pretendard-Bold.ttf in Resources */,
				CE9BBCE52A2B1E490036E335 /* Color.xcassets in Resources */,
			);
			runOnlyForDeploymentPostprocessing = 0;
		};
		CEE3E78A2A17A93300BC1464 /* Resources */ = {
			isa = PBXResourcesBuildPhase;
			buildActionMask = 2147483647;
			files = (
			);
			runOnlyForDeploymentPostprocessing = 0;
		};
		CEE3E7942A17A93300BC1464 /* Resources */ = {
			isa = PBXResourcesBuildPhase;
			buildActionMask = 2147483647;
			files = (
			);
			runOnlyForDeploymentPostprocessing = 0;
		};
/* End PBXResourcesBuildPhase section */

/* Begin PBXSourcesBuildPhase section */
		CEE3E7722A17A93200BC1464 /* Sources */ = {
			isa = PBXSourcesBuildPhase;
			buildActionMask = 2147483647;
			files = (
				A8C8743B2A6EBF580057EEEA /* FriendsTarget.swift in Sources */,
				CEBC400D2A486C32001A5934 /* TabViewStyle.swift in Sources */,
				CE66AF012A63C69A001B7C96 /* GreetingSuggestionCollectionViewCell.swift in Sources */,
				CEA7BCC42A7FAAAF0000727C /* HomeViewModel.swift in Sources */,
				CE0412AE2A2359CF00C790F3 /* MainTabBarViewModel.swift in Sources */,
				A8C7928C2A4E4E400032FDFC /* Toast.swift in Sources */,
				CEDC67862A6C94BC009D37AE /* HomeCollectionReusableView.swift in Sources */,
				A82EC6632A2634B500DABF26 /* Colors.swift in Sources */,
				CEC778CB2A768A8100C42A01 /* NSAttributedString+.swift in Sources */,
				CEE16C002A34867C003EC97E /* SignupStepPhoneNumberView.swift in Sources */,
				A836B1882A6A04DD00D9F02F /* FriendAddView.swift in Sources */,
				A8C792842A4CE8570032FDFC /* SignAPI.swift in Sources */,
				A8C7927D2A4CDD390032FDFC /* URLString.swift in Sources */,
				CEE3E77E2A17A93200BC1464 /* ViewController.swift in Sources */,
				CEF347C62A5BF5A800ED012E /* GreetingListViewController.swift in Sources */,
				A8C792822A4CE6D60032FDFC /* TestModel.swift in Sources */,
				A8A45CC02A409B75001F02C7 /* NavigationView.swift in Sources */,
				CEC6CF942A618F7F00175391 /* GreetingCategoryCollectionViewCell.swift in Sources */,
				CEE16BFE2A3484DF003EC97E /* SignupStepBirthdateView.swift in Sources */,
				CEC6CF7F2A61147500175391 /* GreetingModel.swift in Sources */,
				CEBC40152A486F55001A5934 /* TabViewCollectionViewCell.swift in Sources */,
				CEDC67882A6C95B1009D37AE /* HomeCollectionHeaderViewModel.swift in Sources */,
				CE9BBCD32A297F7D0036E335 /* IntroViewController.swift in Sources */,
				CEE3E77A2A17A93200BC1464 /* AppDelegate.swift in Sources */,
				CEB5181D2A653FA2009B88BB /* NoticeViewController.swift in Sources */,
				A8E0C10F2A23685C00C8696E /* SnapKitInterface.swift in Sources */,
				CEF31EE62A5FC74E00534D44 /* GreetingAPI.swift in Sources */,
				A8C792802A4CE0930032FDFC /* SignTarget.swift in Sources */,
				CE9BBCE32A2B17880036E335 /* DesignConstants.swift in Sources */,
				A8C8743D2A6EBF610057EEEA /* FriendsAPI.swift in Sources */,
				A8253D542A46A77A00AE8101 /* FriendsViewModel.swift in Sources */,
				CED83A8C2A2B71460031AFF0 /* IntroViewModel.swift in Sources */,
				A8E0C0B92A23641F00C8696E /* Log.swift in Sources */,
				CE67983A2A31F20A0078F43C /* SignupStepEmailPasswordView.swift in Sources */,
				CEA32DD22A3357540006FA31 /* String+.swift in Sources */,
				A8A45CBE2A409856001F02C7 /* ErrorMessage.swift in Sources */,
				CE9BBCDF2A2AFA3B0036E335 /* WVButton.swift in Sources */,
				CEE3E77C2A17A93200BC1464 /* SceneDelegate.swift in Sources */,
				A8C792902A4E5F5C0032FDFC /* BasePaddingLabel.swift in Sources */,
				A8C874382A6EBB4C0057EEEA /* SaveFriendsModel.swift in Sources */,
				A8C7927B2A4CDAA40032FDFC /* BaseTargetType.swift in Sources */,
				CEF347EE2A5C38BD00ED012E /* GreetingCellModel.swift in Sources */,
				A8C792752A4CC0060032FDFC /* Networkable.swift in Sources */,
				CED363D02A32227E00119CE5 /* SignDataStore.swift in Sources */,
				CEB518262A65410D009B88BB /* NoticeCellModel.swift in Sources */,
				CED83A9F2A2B86F40031AFF0 /* SignupViewController.swift in Sources */,
				CED9EAB42A3C3C5700BA8737 /* SignupStepTermOfUseView.swift in Sources */,
				A89871B02A5D8069008F0FAA /* FriendsContactViewModel.swift in Sources */,
				A8C792792A4CD7EF0032FDFC /* ResponseData.swift in Sources */,
				CEF2E5882A470F6300128C55 /* SignupStepCompleteView.swift in Sources */,
				CE6798382A31E3DE0078F43C /* NSMutableAttributedString+.swift in Sources */,
				CEE16BFC2A3482C2003EC97E /* SignupStepUsernameView.swift in Sources */,
				CEC6CF812A6184A100175391 /* HomeNavigationView.swift in Sources */,
				CE0412B12A23640500C790F3 /* HomeViewController.swift in Sources */,
				CEF31EE82A5FC77300534D44 /* GreetingTarget.swift in Sources */,
				CE0412B52A23643400C790F3 /* SettingViewController.swift in Sources */,
				CED9EAB62A3C414B00BA8737 /* SignupTermsOfUseButton.swift in Sources */,
				CEBC40112A486D33001A5934 /* TabViewCollectionViewCellModel.swift in Sources */,
				CEBC40132A486D78001A5934 /* Array+.swift in Sources */,
				CED83AA12A2B87050031AFF0 /* LoginViewController.swift in Sources */,
				CEC778CD2A768B6000C42A01 /* UIWindow+.swift in Sources */,
				CE9BBCE12A2B0F270036E335 /* UIColor+.swift in Sources */,
				CEBC400A2A486BEF001A5934 /* TabView.swift in Sources */,
				CE0412AB2A23552200C790F3 /* MainTabBarController.swift in Sources */,
				CEC778A72A74F42600C42A01 /* GreetingSuggestionCellModel.swift in Sources */,
				A8F4DD422A4660560045C179 /* CALayer+.swift in Sources */,
				CEDC679B2A6CA7EA009D37AE /* GreetingCategoryCellModel.swift in Sources */,
				A82EC67A2A263D1800DABF26 /* FontManager.swift in Sources */,
				CEBC400F2A486D09001A5934 /* TabViewModel.swift in Sources */,
				CE8316DC2A318449007D3327 /* SignupStepViewModel.swift in Sources */,
				A89871AA2A5B9576008F0FAA /* FriendsContactViewController.swift in Sources */,
				A8F4DD442A4660640045C179 /* UITabBar+.swift in Sources */,
				A8253D5C2A46E1C000AE8101 /* FriendsListView.swift in Sources */,
				A836B1862A69D21300D9F02F /* FriendsDisconnectView.swift in Sources */,
				CEF347EB2A5C37DB00ED012E /* GreetingTableViewCell.swift in Sources */,
				CE8316DF2A319FB8007D3327 /* SignupStepCollectionViewCell.swift in Sources */,
				CEB518242A654100009B88BB /* NoticeTableViewCell.swift in Sources */,
				CED363CE2A321FCE00119CE5 /* WVTextField.swift in Sources */,
				A8C7928E2A4E5A390032FDFC /* UIApplication+.swift in Sources */,
				CE0412B32A23642200C790F3 /* FriendsViewController.swift in Sources */,
				A8253D5A2A46E1AB00AE8101 /* FriendsIntroView.swift in Sources */,
				A836B19D2A6CFB2700D9F02F /* ContactModel.swift in Sources */,
				A836B19B2A6CE96100D9F02F /* FriendsModel.swift in Sources */,
				CEBC40082A486B9D001A5934 /* TopTabBarViewController.swift in Sources */,
				CE67983C2A31F2500078F43C /* SignupTextFieldContainer.swift in Sources */,
				A89871B22A5DB865008F0FAA /* FriendsContactCollectionViewCell.swift in Sources */,
			);
			runOnlyForDeploymentPostprocessing = 0;
		};
		CEE3E7882A17A93300BC1464 /* Sources */ = {
			isa = PBXSourcesBuildPhase;
			buildActionMask = 2147483647;
			files = (
				CEE3E7912A17A93300BC1464 /* Waving_iOSTests.swift in Sources */,
			);
			runOnlyForDeploymentPostprocessing = 0;
		};
		CEE3E7922A17A93300BC1464 /* Sources */ = {
			isa = PBXSourcesBuildPhase;
			buildActionMask = 2147483647;
			files = (
				CEE3E79D2A17A93300BC1464 /* Waving_iOSUITestsLaunchTests.swift in Sources */,
				CEE3E79B2A17A93300BC1464 /* Waving_iOSUITests.swift in Sources */,
			);
			runOnlyForDeploymentPostprocessing = 0;
		};
/* End PBXSourcesBuildPhase section */

/* Begin PBXTargetDependency section */
		CEE3E78E2A17A93300BC1464 /* PBXTargetDependency */ = {
			isa = PBXTargetDependency;
			target = CEE3E7752A17A93200BC1464 /* Waving-iOS */;
			targetProxy = CEE3E78D2A17A93300BC1464 /* PBXContainerItemProxy */;
		};
		CEE3E7982A17A93300BC1464 /* PBXTargetDependency */ = {
			isa = PBXTargetDependency;
			target = CEE3E7752A17A93200BC1464 /* Waving-iOS */;
			targetProxy = CEE3E7972A17A93300BC1464 /* PBXContainerItemProxy */;
		};
/* End PBXTargetDependency section */

/* Begin PBXVariantGroup section */
		CEE3E7842A17A93300BC1464 /* LaunchScreen.storyboard */ = {
			isa = PBXVariantGroup;
			children = (
				CEE3E7852A17A93300BC1464 /* Base */,
			);
			name = LaunchScreen.storyboard;
			sourceTree = "<group>";
		};
/* End PBXVariantGroup section */

/* Begin XCBuildConfiguration section */
		CEE3E79E2A17A93300BC1464 /* Debug */ = {
			isa = XCBuildConfiguration;
			buildSettings = {
				ALWAYS_SEARCH_USER_PATHS = NO;
				CLANG_ANALYZER_NONNULL = YES;
				CLANG_ANALYZER_NUMBER_OBJECT_CONVERSION = YES_AGGRESSIVE;
				CLANG_CXX_LANGUAGE_STANDARD = "gnu++20";
				CLANG_ENABLE_MODULES = YES;
				CLANG_ENABLE_OBJC_ARC = YES;
				CLANG_ENABLE_OBJC_WEAK = YES;
				CLANG_WARN_BLOCK_CAPTURE_AUTORELEASING = YES;
				CLANG_WARN_BOOL_CONVERSION = YES;
				CLANG_WARN_COMMA = YES;
				CLANG_WARN_CONSTANT_CONVERSION = YES;
				CLANG_WARN_DEPRECATED_OBJC_IMPLEMENTATIONS = YES;
				CLANG_WARN_DIRECT_OBJC_ISA_USAGE = YES_ERROR;
				CLANG_WARN_DOCUMENTATION_COMMENTS = YES;
				CLANG_WARN_EMPTY_BODY = YES;
				CLANG_WARN_ENUM_CONVERSION = YES;
				CLANG_WARN_INFINITE_RECURSION = YES;
				CLANG_WARN_INT_CONVERSION = YES;
				CLANG_WARN_NON_LITERAL_NULL_CONVERSION = YES;
				CLANG_WARN_OBJC_IMPLICIT_RETAIN_SELF = YES;
				CLANG_WARN_OBJC_LITERAL_CONVERSION = YES;
				CLANG_WARN_OBJC_ROOT_CLASS = YES_ERROR;
				CLANG_WARN_QUOTED_INCLUDE_IN_FRAMEWORK_HEADER = YES;
				CLANG_WARN_RANGE_LOOP_ANALYSIS = YES;
				CLANG_WARN_STRICT_PROTOTYPES = YES;
				CLANG_WARN_SUSPICIOUS_MOVE = YES;
				CLANG_WARN_UNGUARDED_AVAILABILITY = YES_AGGRESSIVE;
				CLANG_WARN_UNREACHABLE_CODE = YES;
				CLANG_WARN__DUPLICATE_METHOD_MATCH = YES;
				COPY_PHASE_STRIP = NO;
				DEBUG_INFORMATION_FORMAT = dwarf;
				ENABLE_STRICT_OBJC_MSGSEND = YES;
				ENABLE_TESTABILITY = YES;
				GCC_C_LANGUAGE_STANDARD = gnu11;
				GCC_DYNAMIC_NO_PIC = NO;
				GCC_NO_COMMON_BLOCKS = YES;
				GCC_OPTIMIZATION_LEVEL = 0;
				GCC_PREPROCESSOR_DEFINITIONS = (
					"DEBUG=1",
					"$(inherited)",
				);
				GCC_WARN_64_TO_32_BIT_CONVERSION = YES;
				GCC_WARN_ABOUT_RETURN_TYPE = YES_ERROR;
				GCC_WARN_UNDECLARED_SELECTOR = YES;
				GCC_WARN_UNINITIALIZED_AUTOS = YES_AGGRESSIVE;
				GCC_WARN_UNUSED_FUNCTION = YES;
				GCC_WARN_UNUSED_VARIABLE = YES;
				IPHONEOS_DEPLOYMENT_TARGET = 16.4;
				MTL_ENABLE_DEBUG_INFO = INCLUDE_SOURCE;
				MTL_FAST_MATH = YES;
				ONLY_ACTIVE_ARCH = YES;
				SDKROOT = iphoneos;
				SWIFT_ACTIVE_COMPILATION_CONDITIONS = DEBUG;
				SWIFT_OPTIMIZATION_LEVEL = "-Onone";
			};
			name = Debug;
		};
		CEE3E79F2A17A93300BC1464 /* Release */ = {
			isa = XCBuildConfiguration;
			buildSettings = {
				ALWAYS_SEARCH_USER_PATHS = NO;
				CLANG_ANALYZER_NONNULL = YES;
				CLANG_ANALYZER_NUMBER_OBJECT_CONVERSION = YES_AGGRESSIVE;
				CLANG_CXX_LANGUAGE_STANDARD = "gnu++20";
				CLANG_ENABLE_MODULES = YES;
				CLANG_ENABLE_OBJC_ARC = YES;
				CLANG_ENABLE_OBJC_WEAK = YES;
				CLANG_WARN_BLOCK_CAPTURE_AUTORELEASING = YES;
				CLANG_WARN_BOOL_CONVERSION = YES;
				CLANG_WARN_COMMA = YES;
				CLANG_WARN_CONSTANT_CONVERSION = YES;
				CLANG_WARN_DEPRECATED_OBJC_IMPLEMENTATIONS = YES;
				CLANG_WARN_DIRECT_OBJC_ISA_USAGE = YES_ERROR;
				CLANG_WARN_DOCUMENTATION_COMMENTS = YES;
				CLANG_WARN_EMPTY_BODY = YES;
				CLANG_WARN_ENUM_CONVERSION = YES;
				CLANG_WARN_INFINITE_RECURSION = YES;
				CLANG_WARN_INT_CONVERSION = YES;
				CLANG_WARN_NON_LITERAL_NULL_CONVERSION = YES;
				CLANG_WARN_OBJC_IMPLICIT_RETAIN_SELF = YES;
				CLANG_WARN_OBJC_LITERAL_CONVERSION = YES;
				CLANG_WARN_OBJC_ROOT_CLASS = YES_ERROR;
				CLANG_WARN_QUOTED_INCLUDE_IN_FRAMEWORK_HEADER = YES;
				CLANG_WARN_RANGE_LOOP_ANALYSIS = YES;
				CLANG_WARN_STRICT_PROTOTYPES = YES;
				CLANG_WARN_SUSPICIOUS_MOVE = YES;
				CLANG_WARN_UNGUARDED_AVAILABILITY = YES_AGGRESSIVE;
				CLANG_WARN_UNREACHABLE_CODE = YES;
				CLANG_WARN__DUPLICATE_METHOD_MATCH = YES;
				COPY_PHASE_STRIP = NO;
				DEBUG_INFORMATION_FORMAT = "dwarf-with-dsym";
				ENABLE_NS_ASSERTIONS = NO;
				ENABLE_STRICT_OBJC_MSGSEND = YES;
				GCC_C_LANGUAGE_STANDARD = gnu11;
				GCC_NO_COMMON_BLOCKS = YES;
				GCC_WARN_64_TO_32_BIT_CONVERSION = YES;
				GCC_WARN_ABOUT_RETURN_TYPE = YES_ERROR;
				GCC_WARN_UNDECLARED_SELECTOR = YES;
				GCC_WARN_UNINITIALIZED_AUTOS = YES_AGGRESSIVE;
				GCC_WARN_UNUSED_FUNCTION = YES;
				GCC_WARN_UNUSED_VARIABLE = YES;
				IPHONEOS_DEPLOYMENT_TARGET = 16.4;
				MTL_ENABLE_DEBUG_INFO = NO;
				MTL_FAST_MATH = YES;
				SDKROOT = iphoneos;
				SWIFT_COMPILATION_MODE = wholemodule;
				SWIFT_OPTIMIZATION_LEVEL = "-O";
				VALIDATE_PRODUCT = YES;
			};
			name = Release;
		};
		CEE3E7A12A17A93300BC1464 /* Debug */ = {
			isa = XCBuildConfiguration;
			buildSettings = {
				ASSETCATALOG_COMPILER_APPICON_NAME = AppIcon;
				ASSETCATALOG_COMPILER_GLOBAL_ACCENT_COLOR_NAME = AccentColor;
				CODE_SIGN_STYLE = Automatic;
				CURRENT_PROJECT_VERSION = 1;
				DEVELOPMENT_TEAM = XQ24HP64B3;
				GENERATE_INFOPLIST_FILE = YES;
				INFOPLIST_FILE = "Waving-iOS/Info.plist";
				INFOPLIST_KEY_NSContactsUsageDescription = "이 앱에서 연락처를 불러오는것을 허용하시겠습니까?";
				INFOPLIST_KEY_UIApplicationSupportsIndirectInputEvents = YES;
				INFOPLIST_KEY_UILaunchStoryboardName = LaunchScreen;
				INFOPLIST_KEY_UISupportedInterfaceOrientations = UIInterfaceOrientationPortrait;
				IPHONEOS_DEPLOYMENT_TARGET = 14.0;
				LD_RUNPATH_SEARCH_PATHS = (
					"$(inherited)",
					"@executable_path/Frameworks",
				);
				MARKETING_VERSION = 1.0;
				PRODUCT_BUNDLE_IDENTIFIER = "bside-tinkerbell.Waving-iOS";
				PRODUCT_NAME = "$(TARGET_NAME)";
				SWIFT_EMIT_LOC_STRINGS = YES;
				SWIFT_VERSION = 5.0;
				TARGETED_DEVICE_FAMILY = "1,2";
			};
			name = Debug;
		};
		CEE3E7A22A17A93300BC1464 /* Release */ = {
			isa = XCBuildConfiguration;
			buildSettings = {
				ASSETCATALOG_COMPILER_APPICON_NAME = AppIcon;
				ASSETCATALOG_COMPILER_GLOBAL_ACCENT_COLOR_NAME = AccentColor;
				CODE_SIGN_STYLE = Automatic;
				CURRENT_PROJECT_VERSION = 1;
				DEVELOPMENT_TEAM = XQ24HP64B3;
				GENERATE_INFOPLIST_FILE = YES;
				INFOPLIST_FILE = "Waving-iOS/Info.plist";
				INFOPLIST_KEY_NSContactsUsageDescription = "이 앱에서 연락처를 불러오는것을 허용하시겠습니까?";
				INFOPLIST_KEY_UIApplicationSupportsIndirectInputEvents = YES;
				INFOPLIST_KEY_UILaunchStoryboardName = LaunchScreen;
				INFOPLIST_KEY_UISupportedInterfaceOrientations = UIInterfaceOrientationPortrait;
				IPHONEOS_DEPLOYMENT_TARGET = 14.0;
				LD_RUNPATH_SEARCH_PATHS = (
					"$(inherited)",
					"@executable_path/Frameworks",
				);
				MARKETING_VERSION = 1.0;
				PRODUCT_BUNDLE_IDENTIFIER = "bside-tinkerbell.Waving-iOS";
				PRODUCT_NAME = "$(TARGET_NAME)";
				SWIFT_EMIT_LOC_STRINGS = YES;
				SWIFT_VERSION = 5.0;
				TARGETED_DEVICE_FAMILY = "1,2";
			};
			name = Release;
		};
		CEE3E7A42A17A93300BC1464 /* Debug */ = {
			isa = XCBuildConfiguration;
			buildSettings = {
				ALWAYS_EMBED_SWIFT_STANDARD_LIBRARIES = YES;
				BUNDLE_LOADER = "$(TEST_HOST)";
				CODE_SIGN_STYLE = Automatic;
				CURRENT_PROJECT_VERSION = 1;
				GENERATE_INFOPLIST_FILE = YES;
				IPHONEOS_DEPLOYMENT_TARGET = 16.4;
				MARKETING_VERSION = 1.0;
				PRODUCT_BUNDLE_IDENTIFIER = "bside-tinkerbell.Waving-iOSTests";
				PRODUCT_NAME = "$(TARGET_NAME)";
				SWIFT_EMIT_LOC_STRINGS = NO;
				SWIFT_VERSION = 5.0;
				TARGETED_DEVICE_FAMILY = "1,2";
				TEST_HOST = "$(BUILT_PRODUCTS_DIR)/Waving-iOS.app/$(BUNDLE_EXECUTABLE_FOLDER_PATH)/Waving-iOS";
			};
			name = Debug;
		};
		CEE3E7A52A17A93300BC1464 /* Release */ = {
			isa = XCBuildConfiguration;
			buildSettings = {
				ALWAYS_EMBED_SWIFT_STANDARD_LIBRARIES = YES;
				BUNDLE_LOADER = "$(TEST_HOST)";
				CODE_SIGN_STYLE = Automatic;
				CURRENT_PROJECT_VERSION = 1;
				GENERATE_INFOPLIST_FILE = YES;
				IPHONEOS_DEPLOYMENT_TARGET = 16.4;
				MARKETING_VERSION = 1.0;
				PRODUCT_BUNDLE_IDENTIFIER = "bside-tinkerbell.Waving-iOSTests";
				PRODUCT_NAME = "$(TARGET_NAME)";
				SWIFT_EMIT_LOC_STRINGS = NO;
				SWIFT_VERSION = 5.0;
				TARGETED_DEVICE_FAMILY = "1,2";
				TEST_HOST = "$(BUILT_PRODUCTS_DIR)/Waving-iOS.app/$(BUNDLE_EXECUTABLE_FOLDER_PATH)/Waving-iOS";
			};
			name = Release;
		};
		CEE3E7A72A17A93300BC1464 /* Debug */ = {
			isa = XCBuildConfiguration;
			buildSettings = {
				ALWAYS_EMBED_SWIFT_STANDARD_LIBRARIES = YES;
				CODE_SIGN_STYLE = Automatic;
				CURRENT_PROJECT_VERSION = 1;
				GENERATE_INFOPLIST_FILE = YES;
				MARKETING_VERSION = 1.0;
				PRODUCT_BUNDLE_IDENTIFIER = "bside-tinkerbell.Waving-iOSUITests";
				PRODUCT_NAME = "$(TARGET_NAME)";
				SWIFT_EMIT_LOC_STRINGS = NO;
				SWIFT_VERSION = 5.0;
				TARGETED_DEVICE_FAMILY = "1,2";
				TEST_TARGET_NAME = "Waving-iOS";
			};
			name = Debug;
		};
		CEE3E7A82A17A93300BC1464 /* Release */ = {
			isa = XCBuildConfiguration;
			buildSettings = {
				ALWAYS_EMBED_SWIFT_STANDARD_LIBRARIES = YES;
				CODE_SIGN_STYLE = Automatic;
				CURRENT_PROJECT_VERSION = 1;
				GENERATE_INFOPLIST_FILE = YES;
				MARKETING_VERSION = 1.0;
				PRODUCT_BUNDLE_IDENTIFIER = "bside-tinkerbell.Waving-iOSUITests";
				PRODUCT_NAME = "$(TARGET_NAME)";
				SWIFT_EMIT_LOC_STRINGS = NO;
				SWIFT_VERSION = 5.0;
				TARGETED_DEVICE_FAMILY = "1,2";
				TEST_TARGET_NAME = "Waving-iOS";
			};
			name = Release;
		};
/* End XCBuildConfiguration section */

/* Begin XCConfigurationList section */
		CEE3E7712A17A93200BC1464 /* Build configuration list for PBXProject "Waving-iOS" */ = {
			isa = XCConfigurationList;
			buildConfigurations = (
				CEE3E79E2A17A93300BC1464 /* Debug */,
				CEE3E79F2A17A93300BC1464 /* Release */,
			);
			defaultConfigurationIsVisible = 0;
			defaultConfigurationName = Release;
		};
		CEE3E7A02A17A93300BC1464 /* Build configuration list for PBXNativeTarget "Waving-iOS" */ = {
			isa = XCConfigurationList;
			buildConfigurations = (
				CEE3E7A12A17A93300BC1464 /* Debug */,
				CEE3E7A22A17A93300BC1464 /* Release */,
			);
			defaultConfigurationIsVisible = 0;
			defaultConfigurationName = Release;
		};
		CEE3E7A32A17A93300BC1464 /* Build configuration list for PBXNativeTarget "Waving-iOSTests" */ = {
			isa = XCConfigurationList;
			buildConfigurations = (
				CEE3E7A42A17A93300BC1464 /* Debug */,
				CEE3E7A52A17A93300BC1464 /* Release */,
			);
			defaultConfigurationIsVisible = 0;
			defaultConfigurationName = Release;
		};
		CEE3E7A62A17A93300BC1464 /* Build configuration list for PBXNativeTarget "Waving-iOSUITests" */ = {
			isa = XCConfigurationList;
			buildConfigurations = (
				CEE3E7A72A17A93300BC1464 /* Debug */,
				CEE3E7A82A17A93300BC1464 /* Release */,
			);
			defaultConfigurationIsVisible = 0;
			defaultConfigurationName = Release;
		};
/* End XCConfigurationList section */

/* Begin XCRemoteSwiftPackageReference section */
		A8E0C0E82A23659400C8696E /* XCRemoteSwiftPackageReference "RxSwift" */ = {
			isa = XCRemoteSwiftPackageReference;
			repositoryURL = "https://github.com/ReactiveX/RxSwift";
			requirement = {
				kind = upToNextMajorVersion;
				minimumVersion = 6.6.0;
			};
		};
		A8E0C0EF2A2365B500C8696E /* XCRemoteSwiftPackageReference "Then" */ = {
			isa = XCRemoteSwiftPackageReference;
			repositoryURL = "https://github.com/devxoul/Then";
			requirement = {
				kind = upToNextMajorVersion;
				minimumVersion = 2.0.0;
			};
		};
		A8E0C0F22A2365E000C8696E /* XCRemoteSwiftPackageReference "SnapKit" */ = {
			isa = XCRemoteSwiftPackageReference;
			repositoryURL = "https://github.com/SnapKit/SnapKit.git";
			requirement = {
				kind = upToNextMajorVersion;
				minimumVersion = 5.0.1;
			};
		};
		A8E0C1082A23669A00C8696E /* XCRemoteSwiftPackageReference "Moya" */ = {
			isa = XCRemoteSwiftPackageReference;
			repositoryURL = "https://github.com/Moya/Moya.git";
			requirement = {
				kind = upToNextMajorVersion;
				minimumVersion = 15.0.0;
			};
		};
/* End XCRemoteSwiftPackageReference section */

/* Begin XCSwiftPackageProductDependency section */
		A8E0C0E92A23659400C8696E /* RxCocoa */ = {
			isa = XCSwiftPackageProductDependency;
			package = A8E0C0E82A23659400C8696E /* XCRemoteSwiftPackageReference "RxSwift" */;
			productName = RxCocoa;
		};
		A8E0C0EB2A23659400C8696E /* RxRelay */ = {
			isa = XCSwiftPackageProductDependency;
			package = A8E0C0E82A23659400C8696E /* XCRemoteSwiftPackageReference "RxSwift" */;
			productName = RxRelay;
		};
		A8E0C0ED2A23659400C8696E /* RxSwift */ = {
			isa = XCSwiftPackageProductDependency;
			package = A8E0C0E82A23659400C8696E /* XCRemoteSwiftPackageReference "RxSwift" */;
			productName = RxSwift;
		};
		A8E0C0F02A2365B500C8696E /* Then */ = {
			isa = XCSwiftPackageProductDependency;
			package = A8E0C0EF2A2365B500C8696E /* XCRemoteSwiftPackageReference "Then" */;
			productName = Then;
		};
		A8E0C0F32A2365E000C8696E /* SnapKit */ = {
			isa = XCSwiftPackageProductDependency;
			package = A8E0C0F22A2365E000C8696E /* XCRemoteSwiftPackageReference "SnapKit" */;
			productName = SnapKit;
		};
		A8E0C1092A23669A00C8696E /* Moya */ = {
			isa = XCSwiftPackageProductDependency;
			package = A8E0C1082A23669A00C8696E /* XCRemoteSwiftPackageReference "Moya" */;
			productName = Moya;
		};
/* End XCSwiftPackageProductDependency section */
	};
	rootObject = CEE3E76E2A17A93200BC1464 /* Project object */;
}
