// !$*UTF8*$!
{
	archiveVersion = 1;
	classes = {
	};
	objectVersion = 56;
	objects = {

/* Begin PBXBuildFile section */
		A82EC6632A2634B500DABF26 /* Colors.swift in Sources */ = {isa = PBXBuildFile; fileRef = A82EC6622A2634B500DABF26 /* Colors.swift */; };
		A82EC67A2A263D1800DABF26 /* FontManager.swift in Sources */ = {isa = PBXBuildFile; fileRef = A82EC6792A263D1800DABF26 /* FontManager.swift */; };
		A8E0C0B92A23641F00C8696E /* Log.swift in Sources */ = {isa = PBXBuildFile; fileRef = A8E0C0B82A23641F00C8696E /* Log.swift */; };
		A8E0C0EA2A23659400C8696E /* RxCocoa in Frameworks */ = {isa = PBXBuildFile; productRef = A8E0C0E92A23659400C8696E /* RxCocoa */; };
		A8E0C0EC2A23659400C8696E /* RxRelay in Frameworks */ = {isa = PBXBuildFile; productRef = A8E0C0EB2A23659400C8696E /* RxRelay */; };
		A8E0C0EE2A23659400C8696E /* RxSwift in Frameworks */ = {isa = PBXBuildFile; productRef = A8E0C0ED2A23659400C8696E /* RxSwift */; };
		A8E0C0F12A2365B500C8696E /* Then in Frameworks */ = {isa = PBXBuildFile; productRef = A8E0C0F02A2365B500C8696E /* Then */; };
		A8E0C0F42A2365E000C8696E /* SnapKit in Frameworks */ = {isa = PBXBuildFile; productRef = A8E0C0F32A2365E000C8696E /* SnapKit */; };
		A8E0C10A2A23669A00C8696E /* Moya in Frameworks */ = {isa = PBXBuildFile; productRef = A8E0C1092A23669A00C8696E /* Moya */; };
		A8E0C10F2A23685C00C8696E /* SnapKitInterface.swift in Sources */ = {isa = PBXBuildFile; fileRef = A8E0C10E2A23685C00C8696E /* SnapKitInterface.swift */; };
		CE0412AB2A23552200C790F3 /* MainTabBarController.swift in Sources */ = {isa = PBXBuildFile; fileRef = CE0412AA2A23552200C790F3 /* MainTabBarController.swift */; };
		CE0412AE2A2359CF00C790F3 /* MainTabBarViewModel.swift in Sources */ = {isa = PBXBuildFile; fileRef = CE0412AD2A2359CF00C790F3 /* MainTabBarViewModel.swift */; };
		CE0412B12A23640500C790F3 /* HomeViewController.swift in Sources */ = {isa = PBXBuildFile; fileRef = CE0412B02A23640500C790F3 /* HomeViewController.swift */; };
		CE0412B32A23642200C790F3 /* FriendsViewController.swift in Sources */ = {isa = PBXBuildFile; fileRef = CE0412B22A23642200C790F3 /* FriendsViewController.swift */; };
		CE0412B52A23643400C790F3 /* SettingViewController.swift in Sources */ = {isa = PBXBuildFile; fileRef = CE0412B42A23643400C790F3 /* SettingViewController.swift */; };
		CE9BBCD32A297F7D0036E335 /* IntroViewController.swift in Sources */ = {isa = PBXBuildFile; fileRef = CE9BBCD22A297F7D0036E335 /* IntroViewController.swift */; };
		CE9BBCDF2A2AFA3B0036E335 /* WVButton.swift in Sources */ = {isa = PBXBuildFile; fileRef = CE9BBCDE2A2AFA3B0036E335 /* WVButton.swift */; };
		CE9BBCE12A2B0F270036E335 /* UIColor+.swift in Sources */ = {isa = PBXBuildFile; fileRef = CE9BBCE02A2B0F270036E335 /* UIColor+.swift */; };
		CE9BBCE32A2B17880036E335 /* DesignConstants.swift in Sources */ = {isa = PBXBuildFile; fileRef = CE9BBCE22A2B17880036E335 /* DesignConstants.swift */; };
		CE9BBCE52A2B1E490036E335 /* Color.xcassets in Resources */ = {isa = PBXBuildFile; fileRef = CE9BBCE42A2B1E490036E335 /* Color.xcassets */; };
		CED83A8C2A2B71460031AFF0 /* IntroViewModel.swift in Sources */ = {isa = PBXBuildFile; fileRef = CED83A8B2A2B71460031AFF0 /* IntroViewModel.swift */; };
		CED83A9F2A2B86F40031AFF0 /* SignupViewController.swift in Sources */ = {isa = PBXBuildFile; fileRef = CED83A9E2A2B86F40031AFF0 /* SignupViewController.swift */; };
		CED83AA12A2B87050031AFF0 /* LoginViewController.swift in Sources */ = {isa = PBXBuildFile; fileRef = CED83AA02A2B87050031AFF0 /* LoginViewController.swift */; };
		CEE3E77A2A17A93200BC1464 /* AppDelegate.swift in Sources */ = {isa = PBXBuildFile; fileRef = CEE3E7792A17A93200BC1464 /* AppDelegate.swift */; };
		CEE3E77C2A17A93200BC1464 /* SceneDelegate.swift in Sources */ = {isa = PBXBuildFile; fileRef = CEE3E77B2A17A93200BC1464 /* SceneDelegate.swift */; };
		CEE3E77E2A17A93200BC1464 /* ViewController.swift in Sources */ = {isa = PBXBuildFile; fileRef = CEE3E77D2A17A93200BC1464 /* ViewController.swift */; };
		CEE3E7832A17A93300BC1464 /* Assets.xcassets in Resources */ = {isa = PBXBuildFile; fileRef = CEE3E7822A17A93300BC1464 /* Assets.xcassets */; };
		CEE3E7862A17A93300BC1464 /* LaunchScreen.storyboard in Resources */ = {isa = PBXBuildFile; fileRef = CEE3E7842A17A93300BC1464 /* LaunchScreen.storyboard */; };
		CEE3E7912A17A93300BC1464 /* Waving_iOSTests.swift in Sources */ = {isa = PBXBuildFile; fileRef = CEE3E7902A17A93300BC1464 /* Waving_iOSTests.swift */; };
		CEE3E79B2A17A93300BC1464 /* Waving_iOSUITests.swift in Sources */ = {isa = PBXBuildFile; fileRef = CEE3E79A2A17A93300BC1464 /* Waving_iOSUITests.swift */; };
		CEE3E79D2A17A93300BC1464 /* Waving_iOSUITestsLaunchTests.swift in Sources */ = {isa = PBXBuildFile; fileRef = CEE3E79C2A17A93300BC1464 /* Waving_iOSUITestsLaunchTests.swift */; };
/* End PBXBuildFile section */

/* Begin PBXContainerItemProxy section */
		CEE3E78D2A17A93300BC1464 /* PBXContainerItemProxy */ = {
			isa = PBXContainerItemProxy;
			containerPortal = CEE3E76E2A17A93200BC1464 /* Project object */;
			proxyType = 1;
			remoteGlobalIDString = CEE3E7752A17A93200BC1464;
			remoteInfo = "Waving-iOS";
		};
		CEE3E7972A17A93300BC1464 /* PBXContainerItemProxy */ = {
			isa = PBXContainerItemProxy;
			containerPortal = CEE3E76E2A17A93200BC1464 /* Project object */;
			proxyType = 1;
			remoteGlobalIDString = CEE3E7752A17A93200BC1464;
			remoteInfo = "Waving-iOS";
		};
/* End PBXContainerItemProxy section */

/* Begin PBXFileReference section */
		A82EC6622A2634B500DABF26 /* Colors.swift */ = {isa = PBXFileReference; lastKnownFileType = sourcecode.swift; path = Colors.swift; sourceTree = "<group>"; };
		A82EC6792A263D1800DABF26 /* FontManager.swift */ = {isa = PBXFileReference; lastKnownFileType = sourcecode.swift; path = FontManager.swift; sourceTree = "<group>"; };
		A8E0C0B82A23641F00C8696E /* Log.swift */ = {isa = PBXFileReference; fileEncoding = 4; lastKnownFileType = sourcecode.swift; path = Log.swift; sourceTree = "<group>"; };
		A8E0C10E2A23685C00C8696E /* SnapKitInterface.swift */ = {isa = PBXFileReference; lastKnownFileType = sourcecode.swift; path = SnapKitInterface.swift; sourceTree = "<group>"; };
		CE0412AA2A23552200C790F3 /* MainTabBarController.swift */ = {isa = PBXFileReference; lastKnownFileType = sourcecode.swift; path = MainTabBarController.swift; sourceTree = "<group>"; };
		CE0412AD2A2359CF00C790F3 /* MainTabBarViewModel.swift */ = {isa = PBXFileReference; lastKnownFileType = sourcecode.swift; path = MainTabBarViewModel.swift; sourceTree = "<group>"; };
		CE0412B02A23640500C790F3 /* HomeViewController.swift */ = {isa = PBXFileReference; lastKnownFileType = sourcecode.swift; path = HomeViewController.swift; sourceTree = "<group>"; };
		CE0412B22A23642200C790F3 /* FriendsViewController.swift */ = {isa = PBXFileReference; lastKnownFileType = sourcecode.swift; path = FriendsViewController.swift; sourceTree = "<group>"; };
		CE0412B42A23643400C790F3 /* SettingViewController.swift */ = {isa = PBXFileReference; lastKnownFileType = sourcecode.swift; path = SettingViewController.swift; sourceTree = "<group>"; };
		CE8861ED2A2CB15300204CBA /* Pretendard-Medium.ttf */ = {isa = PBXFileReference; lastKnownFileType = file; path = "Pretendard-Medium.ttf"; sourceTree = "<group>"; };
		CE8861EE2A2CB16300204CBA /* Pretendard-Bold.ttf */ = {isa = PBXFileReference; lastKnownFileType = file; path = "Pretendard-Bold.ttf"; sourceTree = "<group>"; };
		CE8861EF2A2CB16400204CBA /* Pretendard-Regular.ttf */ = {isa = PBXFileReference; lastKnownFileType = file; path = "Pretendard-Regular.ttf"; sourceTree = "<group>"; };
		CE9BBCD22A297F7D0036E335 /* IntroViewController.swift */ = {isa = PBXFileReference; lastKnownFileType = sourcecode.swift; path = IntroViewController.swift; sourceTree = "<group>"; };
		CE9BBCDE2A2AFA3B0036E335 /* WVButton.swift */ = {isa = PBXFileReference; lastKnownFileType = sourcecode.swift; path = WVButton.swift; sourceTree = "<group>"; };
		CE9BBCE02A2B0F270036E335 /* UIColor+.swift */ = {isa = PBXFileReference; lastKnownFileType = sourcecode.swift; path = "UIColor+.swift"; sourceTree = "<group>"; };
		CE9BBCE22A2B17880036E335 /* DesignConstants.swift */ = {isa = PBXFileReference; lastKnownFileType = sourcecode.swift; path = DesignConstants.swift; sourceTree = "<group>"; };
		CE9BBCE42A2B1E490036E335 /* Color.xcassets */ = {isa = PBXFileReference; lastKnownFileType = folder.assetcatalog; path = Color.xcassets; sourceTree = "<group>"; };
		CED83A8B2A2B71460031AFF0 /* IntroViewModel.swift */ = {isa = PBXFileReference; lastKnownFileType = sourcecode.swift; path = IntroViewModel.swift; sourceTree = "<group>"; };
		CED83A9E2A2B86F40031AFF0 /* SignupViewController.swift */ = {isa = PBXFileReference; lastKnownFileType = sourcecode.swift; path = SignupViewController.swift; sourceTree = "<group>"; };
		CED83AA02A2B87050031AFF0 /* LoginViewController.swift */ = {isa = PBXFileReference; lastKnownFileType = sourcecode.swift; path = LoginViewController.swift; sourceTree = "<group>"; };
		CEE3E7762A17A93200BC1464 /* Waving-iOS.app */ = {isa = PBXFileReference; explicitFileType = wrapper.application; includeInIndex = 0; path = "Waving-iOS.app"; sourceTree = BUILT_PRODUCTS_DIR; };
		CEE3E7792A17A93200BC1464 /* AppDelegate.swift */ = {isa = PBXFileReference; lastKnownFileType = sourcecode.swift; path = AppDelegate.swift; sourceTree = "<group>"; };
		CEE3E77B2A17A93200BC1464 /* SceneDelegate.swift */ = {isa = PBXFileReference; lastKnownFileType = sourcecode.swift; path = SceneDelegate.swift; sourceTree = "<group>"; };
		CEE3E77D2A17A93200BC1464 /* ViewController.swift */ = {isa = PBXFileReference; lastKnownFileType = sourcecode.swift; path = ViewController.swift; sourceTree = "<group>"; };
		CEE3E7822A17A93300BC1464 /* Assets.xcassets */ = {isa = PBXFileReference; lastKnownFileType = folder.assetcatalog; path = Assets.xcassets; sourceTree = "<group>"; };
		CEE3E7852A17A93300BC1464 /* Base */ = {isa = PBXFileReference; lastKnownFileType = file.storyboard; name = Base; path = Base.lproj/LaunchScreen.storyboard; sourceTree = "<group>"; };
		CEE3E7872A17A93300BC1464 /* Info.plist */ = {isa = PBXFileReference; lastKnownFileType = text.plist.xml; path = Info.plist; sourceTree = "<group>"; };
		CEE3E78C2A17A93300BC1464 /* Waving-iOSTests.xctest */ = {isa = PBXFileReference; explicitFileType = wrapper.cfbundle; includeInIndex = 0; path = "Waving-iOSTests.xctest"; sourceTree = BUILT_PRODUCTS_DIR; };
		CEE3E7902A17A93300BC1464 /* Waving_iOSTests.swift */ = {isa = PBXFileReference; lastKnownFileType = sourcecode.swift; path = Waving_iOSTests.swift; sourceTree = "<group>"; };
		CEE3E7962A17A93300BC1464 /* Waving-iOSUITests.xctest */ = {isa = PBXFileReference; explicitFileType = wrapper.cfbundle; includeInIndex = 0; path = "Waving-iOSUITests.xctest"; sourceTree = BUILT_PRODUCTS_DIR; };
		CEE3E79A2A17A93300BC1464 /* Waving_iOSUITests.swift */ = {isa = PBXFileReference; lastKnownFileType = sourcecode.swift; path = Waving_iOSUITests.swift; sourceTree = "<group>"; };
		CEE3E79C2A17A93300BC1464 /* Waving_iOSUITestsLaunchTests.swift */ = {isa = PBXFileReference; lastKnownFileType = sourcecode.swift; path = Waving_iOSUITestsLaunchTests.swift; sourceTree = "<group>"; };
/* End PBXFileReference section */

/* Begin PBXFrameworksBuildPhase section */
		CEE3E7732A17A93200BC1464 /* Frameworks */ = {
			isa = PBXFrameworksBuildPhase;
			buildActionMask = 2147483647;
			files = (
				A8E0C0EE2A23659400C8696E /* RxSwift in Frameworks */,
				A8E0C0EC2A23659400C8696E /* RxRelay in Frameworks */,
				A8E0C10A2A23669A00C8696E /* Moya in Frameworks */,
				A8E0C0EA2A23659400C8696E /* RxCocoa in Frameworks */,
				A8E0C0F12A2365B500C8696E /* Then in Frameworks */,
				A8E0C0F42A2365E000C8696E /* SnapKit in Frameworks */,
			);
			runOnlyForDeploymentPostprocessing = 0;
		};
		CEE3E7892A17A93300BC1464 /* Frameworks */ = {
			isa = PBXFrameworksBuildPhase;
			buildActionMask = 2147483647;
			files = (
			);
			runOnlyForDeploymentPostprocessing = 0;
		};
		CEE3E7932A17A93300BC1464 /* Frameworks */ = {
			isa = PBXFrameworksBuildPhase;
			buildActionMask = 2147483647;
			files = (
			);
			runOnlyForDeploymentPostprocessing = 0;
		};
/* End PBXFrameworksBuildPhase section */

/* Begin PBXGroup section */
		A82EC65F2A26340B00DABF26 /* DesignSystem */ = {
			isa = PBXGroup;
			children = (
				A82EC67B2A26407000DABF26 /* Components */,
				A82EC6612A26344200DABF26 /* Font */,
				A82EC6602A26343A00DABF26 /* Color */,
			);
			path = DesignSystem;
			sourceTree = "<group>";
		};
		A82EC6602A26343A00DABF26 /* Color */ = {
			isa = PBXGroup;
			children = (
				A82EC6622A2634B500DABF26 /* Colors.swift */,
			);
			path = Color;
			sourceTree = "<group>";
		};
		A82EC6612A26344200DABF26 /* Font */ = {
			isa = PBXGroup;
			children = (
				A82EC6642A2637F200DABF26 /* Pretendard */,
				A82EC6792A263D1800DABF26 /* FontManager.swift */,
			);
			path = Font;
			sourceTree = "<group>";
		};
		A82EC6642A2637F200DABF26 /* Pretendard */ = {
			isa = PBXGroup;
			children = (
				CE8861ED2A2CB15300204CBA /* Pretendard-Medium.ttf */,
				CE8861EF2A2CB16400204CBA /* Pretendard-Regular.ttf */,
				CE8861EE2A2CB16300204CBA /* Pretendard-Bold.ttf */,
			);
			path = Pretendard;
			sourceTree = "<group>";
		};
		A82EC67B2A26407000DABF26 /* Components */ = {
			isa = PBXGroup;
			children = (
				A82EC67C2A26407E00DABF26 /* NavigationBar */,
			);
			path = Components;
			sourceTree = "<group>";
		};
		A82EC67C2A26407E00DABF26 /* NavigationBar */ = {
			isa = PBXGroup;
			children = (
			);
			path = NavigationBar;
			sourceTree = "<group>";
		};
		A8E0C0B22A23636100C8696E /* Application */ = {
			isa = PBXGroup;
			children = (
				CEE3E77B2A17A93200BC1464 /* SceneDelegate.swift */,
				CEE3E7792A17A93200BC1464 /* AppDelegate.swift */,
			);
			path = Application;
			sourceTree = "<group>";
		};
		A8E0C0B52A23639400C8696E /* Presentation */ = {
			isa = PBXGroup;
			children = (
				CE9BBCDD2A2AF9DA0036E335 /* Common */,
				CE9BBCD72A297FAE0036E335 /* MainTabBar */,
				CE9BBCD62A297FA50036E335 /* Signup */,
				CE9BBCDB2A297FD90036E335 /* Etc */,
			);
			path = Presentation;
			sourceTree = "<group>";
		};
		A8E0C0B62A2363A200C8696E /* Resources */ = {
			isa = PBXGroup;
			children = (
				CEE3E7822A17A93300BC1464 /* Assets.xcassets */,
				CEE3E7842A17A93300BC1464 /* LaunchScreen.storyboard */,
				CE9BBCE42A2B1E490036E335 /* Color.xcassets */,
			);
			path = Resources;
			sourceTree = "<group>";
		};
		A8E0C0B72A23641000C8696E /* Support */ = {
			isa = PBXGroup;
			children = (
				A8E0C0B82A23641F00C8696E /* Log.swift */,
				CE9BBCE02A2B0F270036E335 /* UIColor+.swift */,
			);
			path = Support;
			sourceTree = "<group>";
		};
		A8E0C10B2A23678800C8696E /* Domain */ = {
			isa = PBXGroup;
			children = (
				A8E0C10C2A23679800C8696E /* Enitites */,
			);
			path = Domain;
			sourceTree = "<group>";
		};
		A8E0C10C2A23679800C8696E /* Enitites */ = {
			isa = PBXGroup;
			children = (
				A8E0C10D2A23684300C8696E /* Interface */,
			);
			path = Enitites;
			sourceTree = "<group>";
		};
		A8E0C10D2A23684300C8696E /* Interface */ = {
			isa = PBXGroup;
			children = (
				A8E0C10E2A23685C00C8696E /* SnapKitInterface.swift */,
			);
			path = Interface;
			sourceTree = "<group>";
		};
		CE9BBCD52A297F9B0036E335 /* ViewModel */ = {
			isa = PBXGroup;
			children = (
				CE0412AD2A2359CF00C790F3 /* MainTabBarViewModel.swift */,
			);
			path = ViewModel;
			sourceTree = "<group>";
		};
		CE9BBCD62A297FA50036E335 /* Signup */ = {
			isa = PBXGroup;
			children = (
				CE9BBCDA2A297FD10036E335 /* ViewController */,
				CE9BBCDC2A297FED0036E335 /* ViewModel */,
			);
			path = Signup;
			sourceTree = "<group>";
		};
		CE9BBCD72A297FAE0036E335 /* MainTabBar */ = {
			isa = PBXGroup;
			children = (
				CE9BBCD92A297FC70036E335 /* ViewController */,
				CE9BBCD52A297F9B0036E335 /* ViewModel */,
			);
			path = MainTabBar;
			sourceTree = "<group>";
		};
		CE9BBCD92A297FC70036E335 /* ViewController */ = {
			isa = PBXGroup;
			children = (
				CE0412AA2A23552200C790F3 /* MainTabBarController.swift */,
				CE0412B02A23640500C790F3 /* HomeViewController.swift */,
				CE0412B22A23642200C790F3 /* FriendsViewController.swift */,
				CE0412B42A23643400C790F3 /* SettingViewController.swift */,
			);
			path = ViewController;
			sourceTree = "<group>";
		};
		CE9BBCDA2A297FD10036E335 /* ViewController */ = {
			isa = PBXGroup;
			children = (
				CE9BBCD22A297F7D0036E335 /* IntroViewController.swift */,
				CED83A9E2A2B86F40031AFF0 /* SignupViewController.swift */,
				CED83AA02A2B87050031AFF0 /* LoginViewController.swift */,
			);
			path = ViewController;
			sourceTree = "<group>";
		};
		CE9BBCDB2A297FD90036E335 /* Etc */ = {
			isa = PBXGroup;
			children = (
				CEE3E77D2A17A93200BC1464 /* ViewController.swift */,
			);
			path = Etc;
			sourceTree = "<group>";
		};
		CE9BBCDC2A297FED0036E335 /* ViewModel */ = {
			isa = PBXGroup;
			children = (
				CED83A8B2A2B71460031AFF0 /* IntroViewModel.swift */,
			);
			path = ViewModel;
			sourceTree = "<group>";
		};
		CE9BBCDD2A2AF9DA0036E335 /* Common */ = {
			isa = PBXGroup;
			children = (
				CE9BBCDE2A2AFA3B0036E335 /* WVButton.swift */,
				CE9BBCE22A2B17880036E335 /* DesignConstants.swift */,
			);
			path = Common;
			sourceTree = "<group>";
		};
		CEE3E76D2A17A93200BC1464 = {
			isa = PBXGroup;
			children = (
				CEE3E7782A17A93200BC1464 /* Waving-iOS */,
				CEE3E78F2A17A93300BC1464 /* Waving-iOSTests */,
				CEE3E7992A17A93300BC1464 /* Waving-iOSUITests */,
				CEE3E7772A17A93200BC1464 /* Products */,
			);
			sourceTree = "<group>";
		};
		CEE3E7772A17A93200BC1464 /* Products */ = {
			isa = PBXGroup;
			children = (
				CEE3E7762A17A93200BC1464 /* Waving-iOS.app */,
				CEE3E78C2A17A93300BC1464 /* Waving-iOSTests.xctest */,
				CEE3E7962A17A93300BC1464 /* Waving-iOSUITests.xctest */,
			);
			name = Products;
			sourceTree = "<group>";
		};
		CEE3E7782A17A93200BC1464 /* Waving-iOS */ = {
			isa = PBXGroup;
			children = (
				A8E0C10B2A23678800C8696E /* Domain */,
				A8E0C0B52A23639400C8696E /* Presentation */,
				A8E0C0B72A23641000C8696E /* Support */,
				A82EC65F2A26340B00DABF26 /* DesignSystem */,
				A8E0C0B62A2363A200C8696E /* Resources */,
				A8E0C0B22A23636100C8696E /* Application */,
				CEE3E7872A17A93300BC1464 /* Info.plist */,
			);
			path = "Waving-iOS";
			sourceTree = "<group>";
		};
		CEE3E78F2A17A93300BC1464 /* Waving-iOSTests */ = {
			isa = PBXGroup;
			children = (
				CEE3E7902A17A93300BC1464 /* Waving_iOSTests.swift */,
			);
			path = "Waving-iOSTests";
			sourceTree = "<group>";
		};
		CEE3E7992A17A93300BC1464 /* Waving-iOSUITests */ = {
			isa = PBXGroup;
			children = (
				CEE3E79A2A17A93300BC1464 /* Waving_iOSUITests.swift */,
				CEE3E79C2A17A93300BC1464 /* Waving_iOSUITestsLaunchTests.swift */,
			);
			path = "Waving-iOSUITests";
			sourceTree = "<group>";
		};
/* End PBXGroup section */

/* Begin PBXNativeTarget section */
		CEE3E7752A17A93200BC1464 /* Waving-iOS */ = {
			isa = PBXNativeTarget;
			buildConfigurationList = CEE3E7A02A17A93300BC1464 /* Build configuration list for PBXNativeTarget "Waving-iOS" */;
			buildPhases = (
				CEE3E7722A17A93200BC1464 /* Sources */,
				CEE3E7732A17A93200BC1464 /* Frameworks */,
				CEE3E7742A17A93200BC1464 /* Resources */,
			);
			buildRules = (
			);
			dependencies = (
			);
			name = "Waving-iOS";
			packageProductDependencies = (
				A8E0C0E92A23659400C8696E /* RxCocoa */,
				A8E0C0EB2A23659400C8696E /* RxRelay */,
				A8E0C0ED2A23659400C8696E /* RxSwift */,
				A8E0C0F02A2365B500C8696E /* Then */,
				A8E0C0F32A2365E000C8696E /* SnapKit */,
				A8E0C1092A23669A00C8696E /* Moya */,
			);
			productName = "Waving-iOS";
			productReference = CEE3E7762A17A93200BC1464 /* Waving-iOS.app */;
			productType = "com.apple.product-type.application";
		};
		CEE3E78B2A17A93300BC1464 /* Waving-iOSTests */ = {
			isa = PBXNativeTarget;
			buildConfigurationList = CEE3E7A32A17A93300BC1464 /* Build configuration list for PBXNativeTarget "Waving-iOSTests" */;
			buildPhases = (
				CEE3E7882A17A93300BC1464 /* Sources */,
				CEE3E7892A17A93300BC1464 /* Frameworks */,
				CEE3E78A2A17A93300BC1464 /* Resources */,
			);
			buildRules = (
			);
			dependencies = (
				CEE3E78E2A17A93300BC1464 /* PBXTargetDependency */,
			);
			name = "Waving-iOSTests";
			productName = "Waving-iOSTests";
			productReference = CEE3E78C2A17A93300BC1464 /* Waving-iOSTests.xctest */;
			productType = "com.apple.product-type.bundle.unit-test";
		};
		CEE3E7952A17A93300BC1464 /* Waving-iOSUITests */ = {
			isa = PBXNativeTarget;
			buildConfigurationList = CEE3E7A62A17A93300BC1464 /* Build configuration list for PBXNativeTarget "Waving-iOSUITests" */;
			buildPhases = (
				CEE3E7922A17A93300BC1464 /* Sources */,
				CEE3E7932A17A93300BC1464 /* Frameworks */,
				CEE3E7942A17A93300BC1464 /* Resources */,
			);
			buildRules = (
			);
			dependencies = (
				CEE3E7982A17A93300BC1464 /* PBXTargetDependency */,
			);
			name = "Waving-iOSUITests";
			productName = "Waving-iOSUITests";
			productReference = CEE3E7962A17A93300BC1464 /* Waving-iOSUITests.xctest */;
			productType = "com.apple.product-type.bundle.ui-testing";
		};
/* End PBXNativeTarget section */

/* Begin PBXProject section */
		CEE3E76E2A17A93200BC1464 /* Project object */ = {
			isa = PBXProject;
			attributes = {
				BuildIndependentTargetsInParallel = 1;
				LastSwiftUpdateCheck = 1430;
				LastUpgradeCheck = 1430;
				TargetAttributes = {
					CEE3E7752A17A93200BC1464 = {
						CreatedOnToolsVersion = 14.3;
					};
					CEE3E78B2A17A93300BC1464 = {
						CreatedOnToolsVersion = 14.3;
						TestTargetID = CEE3E7752A17A93200BC1464;
					};
					CEE3E7952A17A93300BC1464 = {
						CreatedOnToolsVersion = 14.3;
						TestTargetID = CEE3E7752A17A93200BC1464;
					};
				};
			};
			buildConfigurationList = CEE3E7712A17A93200BC1464 /* Build configuration list for PBXProject "Waving-iOS" */;
			compatibilityVersion = "Xcode 14.0";
			developmentRegion = en;
			hasScannedForEncodings = 0;
			knownRegions = (
				en,
				Base,
			);
			mainGroup = CEE3E76D2A17A93200BC1464;
			packageReferences = (
				A8E0C0E82A23659400C8696E /* XCRemoteSwiftPackageReference "RxSwift" */,
				A8E0C0EF2A2365B500C8696E /* XCRemoteSwiftPackageReference "Then" */,
				A8E0C0F22A2365E000C8696E /* XCRemoteSwiftPackageReference "SnapKit" */,
				A8E0C1082A23669A00C8696E /* XCRemoteSwiftPackageReference "Moya" */,
			);
			productRefGroup = CEE3E7772A17A93200BC1464 /* Products */;
			projectDirPath = "";
			projectRoot = "";
			targets = (
				CEE3E7752A17A93200BC1464 /* Waving-iOS */,
				CEE3E78B2A17A93300BC1464 /* Waving-iOSTests */,
				CEE3E7952A17A93300BC1464 /* Waving-iOSUITests */,
			);
		};
/* End PBXProject section */

/* Begin PBXResourcesBuildPhase section */
		CEE3E7742A17A93200BC1464 /* Resources */ = {
			isa = PBXResourcesBuildPhase;
			buildActionMask = 2147483647;
			files = (
				CEE3E7862A17A93300BC1464 /* LaunchScreen.storyboard in Resources */,
				CEE3E7832A17A93300BC1464 /* Assets.xcassets in Resources */,
				CE9BBCE52A2B1E490036E335 /* Color.xcassets in Resources */,
			);
			runOnlyForDeploymentPostprocessing = 0;
		};
		CEE3E78A2A17A93300BC1464 /* Resources */ = {
			isa = PBXResourcesBuildPhase;
			buildActionMask = 2147483647;
			files = (
			);
			runOnlyForDeploymentPostprocessing = 0;
		};
		CEE3E7942A17A93300BC1464 /* Resources */ = {
			isa = PBXResourcesBuildPhase;
			buildActionMask = 2147483647;
			files = (
			);
			runOnlyForDeploymentPostprocessing = 0;
		};
/* End PBXResourcesBuildPhase section */

/* Begin PBXSourcesBuildPhase section */
		CEE3E7722A17A93200BC1464 /* Sources */ = {
			isa = PBXSourcesBuildPhase;
			buildActionMask = 2147483647;
			files = (
				CE0412AE2A2359CF00C790F3 /* MainTabBarViewModel.swift in Sources */,
				A82EC6632A2634B500DABF26 /* Colors.swift in Sources */,
				CEE3E77E2A17A93200BC1464 /* ViewController.swift in Sources */,
				CE9BBCD32A297F7D0036E335 /* IntroViewController.swift in Sources */,
				CEE3E77A2A17A93200BC1464 /* AppDelegate.swift in Sources */,
				A8E0C10F2A23685C00C8696E /* SnapKitInterface.swift in Sources */,
				CE9BBCE32A2B17880036E335 /* DesignConstants.swift in Sources */,
				CED83A8C2A2B71460031AFF0 /* IntroViewModel.swift in Sources */,
				A8E0C0B92A23641F00C8696E /* Log.swift in Sources */,
				CE9BBCDF2A2AFA3B0036E335 /* WVButton.swift in Sources */,
				CEE3E77C2A17A93200BC1464 /* SceneDelegate.swift in Sources */,
				CED83A9F2A2B86F40031AFF0 /* SignupViewController.swift in Sources */,
				CE0412B12A23640500C790F3 /* HomeViewController.swift in Sources */,
				CE0412B52A23643400C790F3 /* SettingViewController.swift in Sources */,
				CED83AA12A2B87050031AFF0 /* LoginViewController.swift in Sources */,
				CE9BBCE12A2B0F270036E335 /* UIColor+.swift in Sources */,
				CE0412AB2A23552200C790F3 /* MainTabBarController.swift in Sources */,
				A82EC67A2A263D1800DABF26 /* FontManager.swift in Sources */,
				CE0412B32A23642200C790F3 /* FriendsViewController.swift in Sources */,
			);
			runOnlyForDeploymentPostprocessing = 0;
		};
		CEE3E7882A17A93300BC1464 /* Sources */ = {
			isa = PBXSourcesBuildPhase;
			buildActionMask = 2147483647;
			files = (
				CEE3E7912A17A93300BC1464 /* Waving_iOSTests.swift in Sources */,
			);
			runOnlyForDeploymentPostprocessing = 0;
		};
		CEE3E7922A17A93300BC1464 /* Sources */ = {
			isa = PBXSourcesBuildPhase;
			buildActionMask = 2147483647;
			files = (
				CEE3E79D2A17A93300BC1464 /* Waving_iOSUITestsLaunchTests.swift in Sources */,
				CEE3E79B2A17A93300BC1464 /* Waving_iOSUITests.swift in Sources */,
			);
			runOnlyForDeploymentPostprocessing = 0;
		};
/* End PBXSourcesBuildPhase section */

/* Begin PBXTargetDependency section */
		CEE3E78E2A17A93300BC1464 /* PBXTargetDependency */ = {
			isa = PBXTargetDependency;
			target = CEE3E7752A17A93200BC1464 /* Waving-iOS */;
			targetProxy = CEE3E78D2A17A93300BC1464 /* PBXContainerItemProxy */;
		};
		CEE3E7982A17A93300BC1464 /* PBXTargetDependency */ = {
			isa = PBXTargetDependency;
			target = CEE3E7752A17A93200BC1464 /* Waving-iOS */;
			targetProxy = CEE3E7972A17A93300BC1464 /* PBXContainerItemProxy */;
		};
/* End PBXTargetDependency section */

/* Begin PBXVariantGroup section */
		CEE3E7842A17A93300BC1464 /* LaunchScreen.storyboard */ = {
			isa = PBXVariantGroup;
			children = (
				CEE3E7852A17A93300BC1464 /* Base */,
			);
			name = LaunchScreen.storyboard;
			sourceTree = "<group>";
		};
/* End PBXVariantGroup section */

/* Begin XCBuildConfiguration section */
		CEE3E79E2A17A93300BC1464 /* Debug */ = {
			isa = XCBuildConfiguration;
			buildSettings = {
				ALWAYS_SEARCH_USER_PATHS = NO;
				CLANG_ANALYZER_NONNULL = YES;
				CLANG_ANALYZER_NUMBER_OBJECT_CONVERSION = YES_AGGRESSIVE;
				CLANG_CXX_LANGUAGE_STANDARD = "gnu++20";
				CLANG_ENABLE_MODULES = YES;
				CLANG_ENABLE_OBJC_ARC = YES;
				CLANG_ENABLE_OBJC_WEAK = YES;
				CLANG_WARN_BLOCK_CAPTURE_AUTORELEASING = YES;
				CLANG_WARN_BOOL_CONVERSION = YES;
				CLANG_WARN_COMMA = YES;
				CLANG_WARN_CONSTANT_CONVERSION = YES;
				CLANG_WARN_DEPRECATED_OBJC_IMPLEMENTATIONS = YES;
				CLANG_WARN_DIRECT_OBJC_ISA_USAGE = YES_ERROR;
				CLANG_WARN_DOCUMENTATION_COMMENTS = YES;
				CLANG_WARN_EMPTY_BODY = YES;
				CLANG_WARN_ENUM_CONVERSION = YES;
				CLANG_WARN_INFINITE_RECURSION = YES;
				CLANG_WARN_INT_CONVERSION = YES;
				CLANG_WARN_NON_LITERAL_NULL_CONVERSION = YES;
				CLANG_WARN_OBJC_IMPLICIT_RETAIN_SELF = YES;
				CLANG_WARN_OBJC_LITERAL_CONVERSION = YES;
				CLANG_WARN_OBJC_ROOT_CLASS = YES_ERROR;
				CLANG_WARN_QUOTED_INCLUDE_IN_FRAMEWORK_HEADER = YES;
				CLANG_WARN_RANGE_LOOP_ANALYSIS = YES;
				CLANG_WARN_STRICT_PROTOTYPES = YES;
				CLANG_WARN_SUSPICIOUS_MOVE = YES;
				CLANG_WARN_UNGUARDED_AVAILABILITY = YES_AGGRESSIVE;
				CLANG_WARN_UNREACHABLE_CODE = YES;
				CLANG_WARN__DUPLICATE_METHOD_MATCH = YES;
				COPY_PHASE_STRIP = NO;
				DEBUG_INFORMATION_FORMAT = dwarf;
				ENABLE_STRICT_OBJC_MSGSEND = YES;
				ENABLE_TESTABILITY = YES;
				GCC_C_LANGUAGE_STANDARD = gnu11;
				GCC_DYNAMIC_NO_PIC = NO;
				GCC_NO_COMMON_BLOCKS = YES;
				GCC_OPTIMIZATION_LEVEL = 0;
				GCC_PREPROCESSOR_DEFINITIONS = (
					"DEBUG=1",
					"$(inherited)",
				);
				GCC_WARN_64_TO_32_BIT_CONVERSION = YES;
				GCC_WARN_ABOUT_RETURN_TYPE = YES_ERROR;
				GCC_WARN_UNDECLARED_SELECTOR = YES;
				GCC_WARN_UNINITIALIZED_AUTOS = YES_AGGRESSIVE;
				GCC_WARN_UNUSED_FUNCTION = YES;
				GCC_WARN_UNUSED_VARIABLE = YES;
				IPHONEOS_DEPLOYMENT_TARGET = 16.4;
				MTL_ENABLE_DEBUG_INFO = INCLUDE_SOURCE;
				MTL_FAST_MATH = YES;
				ONLY_ACTIVE_ARCH = YES;
				SDKROOT = iphoneos;
				SWIFT_ACTIVE_COMPILATION_CONDITIONS = DEBUG;
				SWIFT_OPTIMIZATION_LEVEL = "-Onone";
			};
			name = Debug;
		};
		CEE3E79F2A17A93300BC1464 /* Release */ = {
			isa = XCBuildConfiguration;
			buildSettings = {
				ALWAYS_SEARCH_USER_PATHS = NO;
				CLANG_ANALYZER_NONNULL = YES;
				CLANG_ANALYZER_NUMBER_OBJECT_CONVERSION = YES_AGGRESSIVE;
				CLANG_CXX_LANGUAGE_STANDARD = "gnu++20";
				CLANG_ENABLE_MODULES = YES;
				CLANG_ENABLE_OBJC_ARC = YES;
				CLANG_ENABLE_OBJC_WEAK = YES;
				CLANG_WARN_BLOCK_CAPTURE_AUTORELEASING = YES;
				CLANG_WARN_BOOL_CONVERSION = YES;
				CLANG_WARN_COMMA = YES;
				CLANG_WARN_CONSTANT_CONVERSION = YES;
				CLANG_WARN_DEPRECATED_OBJC_IMPLEMENTATIONS = YES;
				CLANG_WARN_DIRECT_OBJC_ISA_USAGE = YES_ERROR;
				CLANG_WARN_DOCUMENTATION_COMMENTS = YES;
				CLANG_WARN_EMPTY_BODY = YES;
				CLANG_WARN_ENUM_CONVERSION = YES;
				CLANG_WARN_INFINITE_RECURSION = YES;
				CLANG_WARN_INT_CONVERSION = YES;
				CLANG_WARN_NON_LITERAL_NULL_CONVERSION = YES;
				CLANG_WARN_OBJC_IMPLICIT_RETAIN_SELF = YES;
				CLANG_WARN_OBJC_LITERAL_CONVERSION = YES;
				CLANG_WARN_OBJC_ROOT_CLASS = YES_ERROR;
				CLANG_WARN_QUOTED_INCLUDE_IN_FRAMEWORK_HEADER = YES;
				CLANG_WARN_RANGE_LOOP_ANALYSIS = YES;
				CLANG_WARN_STRICT_PROTOTYPES = YES;
				CLANG_WARN_SUSPICIOUS_MOVE = YES;
				CLANG_WARN_UNGUARDED_AVAILABILITY = YES_AGGRESSIVE;
				CLANG_WARN_UNREACHABLE_CODE = YES;
				CLANG_WARN__DUPLICATE_METHOD_MATCH = YES;
				COPY_PHASE_STRIP = NO;
				DEBUG_INFORMATION_FORMAT = "dwarf-with-dsym";
				ENABLE_NS_ASSERTIONS = NO;
				ENABLE_STRICT_OBJC_MSGSEND = YES;
				GCC_C_LANGUAGE_STANDARD = gnu11;
				GCC_NO_COMMON_BLOCKS = YES;
				GCC_WARN_64_TO_32_BIT_CONVERSION = YES;
				GCC_WARN_ABOUT_RETURN_TYPE = YES_ERROR;
				GCC_WARN_UNDECLARED_SELECTOR = YES;
				GCC_WARN_UNINITIALIZED_AUTOS = YES_AGGRESSIVE;
				GCC_WARN_UNUSED_FUNCTION = YES;
				GCC_WARN_UNUSED_VARIABLE = YES;
				IPHONEOS_DEPLOYMENT_TARGET = 16.4;
				MTL_ENABLE_DEBUG_INFO = NO;
				MTL_FAST_MATH = YES;
				SDKROOT = iphoneos;
				SWIFT_COMPILATION_MODE = wholemodule;
				SWIFT_OPTIMIZATION_LEVEL = "-O";
				VALIDATE_PRODUCT = YES;
			};
			name = Release;
		};
		CEE3E7A12A17A93300BC1464 /* Debug */ = {
			isa = XCBuildConfiguration;
			buildSettings = {
				ASSETCATALOG_COMPILER_APPICON_NAME = AppIcon;
				ASSETCATALOG_COMPILER_GLOBAL_ACCENT_COLOR_NAME = AccentColor;
				CODE_SIGN_STYLE = Automatic;
				CURRENT_PROJECT_VERSION = 1;
				DEVELOPMENT_TEAM = XQ24HP64B3;
				GENERATE_INFOPLIST_FILE = YES;
				INFOPLIST_FILE = "Waving-iOS/Info.plist";
				INFOPLIST_KEY_UIApplicationSupportsIndirectInputEvents = YES;
				INFOPLIST_KEY_UILaunchStoryboardName = LaunchScreen;
				INFOPLIST_KEY_UISupportedInterfaceOrientations = UIInterfaceOrientationPortrait;
				IPHONEOS_DEPLOYMENT_TARGET = 14.0;
				LD_RUNPATH_SEARCH_PATHS = (
					"$(inherited)",
					"@executable_path/Frameworks",
				);
				MARKETING_VERSION = 1.0;
				PRODUCT_BUNDLE_IDENTIFIER = "bside-tinkerbell.Waving-iOS";
				PRODUCT_NAME = "$(TARGET_NAME)";
				SWIFT_EMIT_LOC_STRINGS = YES;
				SWIFT_VERSION = 5.0;
				TARGETED_DEVICE_FAMILY = "1,2";
			};
			name = Debug;
		};
		CEE3E7A22A17A93300BC1464 /* Release */ = {
			isa = XCBuildConfiguration;
			buildSettings = {
				ASSETCATALOG_COMPILER_APPICON_NAME = AppIcon;
				ASSETCATALOG_COMPILER_GLOBAL_ACCENT_COLOR_NAME = AccentColor;
				CODE_SIGN_STYLE = Automatic;
				CURRENT_PROJECT_VERSION = 1;
				DEVELOPMENT_TEAM = XQ24HP64B3;
				GENERATE_INFOPLIST_FILE = YES;
				INFOPLIST_FILE = "Waving-iOS/Info.plist";
				INFOPLIST_KEY_UIApplicationSupportsIndirectInputEvents = YES;
				INFOPLIST_KEY_UILaunchStoryboardName = LaunchScreen;
				INFOPLIST_KEY_UISupportedInterfaceOrientations = UIInterfaceOrientationPortrait;
				IPHONEOS_DEPLOYMENT_TARGET = 14.0;
				LD_RUNPATH_SEARCH_PATHS = (
					"$(inherited)",
					"@executable_path/Frameworks",
				);
				MARKETING_VERSION = 1.0;
				PRODUCT_BUNDLE_IDENTIFIER = "bside-tinkerbell.Waving-iOS";
				PRODUCT_NAME = "$(TARGET_NAME)";
				SWIFT_EMIT_LOC_STRINGS = YES;
				SWIFT_VERSION = 5.0;
				TARGETED_DEVICE_FAMILY = "1,2";
			};
			name = Release;
		};
		CEE3E7A42A17A93300BC1464 /* Debug */ = {
			isa = XCBuildConfiguration;
			buildSettings = {
				ALWAYS_EMBED_SWIFT_STANDARD_LIBRARIES = YES;
				BUNDLE_LOADER = "$(TEST_HOST)";
				CODE_SIGN_STYLE = Automatic;
				CURRENT_PROJECT_VERSION = 1;
				GENERATE_INFOPLIST_FILE = YES;
				IPHONEOS_DEPLOYMENT_TARGET = 16.4;
				MARKETING_VERSION = 1.0;
				PRODUCT_BUNDLE_IDENTIFIER = "bside-tinkerbell.Waving-iOSTests";
				PRODUCT_NAME = "$(TARGET_NAME)";
				SWIFT_EMIT_LOC_STRINGS = NO;
				SWIFT_VERSION = 5.0;
				TARGETED_DEVICE_FAMILY = "1,2";
				TEST_HOST = "$(BUILT_PRODUCTS_DIR)/Waving-iOS.app/$(BUNDLE_EXECUTABLE_FOLDER_PATH)/Waving-iOS";
			};
			name = Debug;
		};
		CEE3E7A52A17A93300BC1464 /* Release */ = {
			isa = XCBuildConfiguration;
			buildSettings = {
				ALWAYS_EMBED_SWIFT_STANDARD_LIBRARIES = YES;
				BUNDLE_LOADER = "$(TEST_HOST)";
				CODE_SIGN_STYLE = Automatic;
				CURRENT_PROJECT_VERSION = 1;
				GENERATE_INFOPLIST_FILE = YES;
				IPHONEOS_DEPLOYMENT_TARGET = 16.4;
				MARKETING_VERSION = 1.0;
				PRODUCT_BUNDLE_IDENTIFIER = "bside-tinkerbell.Waving-iOSTests";
				PRODUCT_NAME = "$(TARGET_NAME)";
				SWIFT_EMIT_LOC_STRINGS = NO;
				SWIFT_VERSION = 5.0;
				TARGETED_DEVICE_FAMILY = "1,2";
				TEST_HOST = "$(BUILT_PRODUCTS_DIR)/Waving-iOS.app/$(BUNDLE_EXECUTABLE_FOLDER_PATH)/Waving-iOS";
			};
			name = Release;
		};
		CEE3E7A72A17A93300BC1464 /* Debug */ = {
			isa = XCBuildConfiguration;
			buildSettings = {
				ALWAYS_EMBED_SWIFT_STANDARD_LIBRARIES = YES;
				CODE_SIGN_STYLE = Automatic;
				CURRENT_PROJECT_VERSION = 1;
				GENERATE_INFOPLIST_FILE = YES;
				MARKETING_VERSION = 1.0;
				PRODUCT_BUNDLE_IDENTIFIER = "bside-tinkerbell.Waving-iOSUITests";
				PRODUCT_NAME = "$(TARGET_NAME)";
				SWIFT_EMIT_LOC_STRINGS = NO;
				SWIFT_VERSION = 5.0;
				TARGETED_DEVICE_FAMILY = "1,2";
				TEST_TARGET_NAME = "Waving-iOS";
			};
			name = Debug;
		};
		CEE3E7A82A17A93300BC1464 /* Release */ = {
			isa = XCBuildConfiguration;
			buildSettings = {
				ALWAYS_EMBED_SWIFT_STANDARD_LIBRARIES = YES;
				CODE_SIGN_STYLE = Automatic;
				CURRENT_PROJECT_VERSION = 1;
				GENERATE_INFOPLIST_FILE = YES;
				MARKETING_VERSION = 1.0;
				PRODUCT_BUNDLE_IDENTIFIER = "bside-tinkerbell.Waving-iOSUITests";
				PRODUCT_NAME = "$(TARGET_NAME)";
				SWIFT_EMIT_LOC_STRINGS = NO;
				SWIFT_VERSION = 5.0;
				TARGETED_DEVICE_FAMILY = "1,2";
				TEST_TARGET_NAME = "Waving-iOS";
			};
			name = Release;
		};
/* End XCBuildConfiguration section */

/* Begin XCConfigurationList section */
		CEE3E7712A17A93200BC1464 /* Build configuration list for PBXProject "Waving-iOS" */ = {
			isa = XCConfigurationList;
			buildConfigurations = (
				CEE3E79E2A17A93300BC1464 /* Debug */,
				CEE3E79F2A17A93300BC1464 /* Release */,
			);
			defaultConfigurationIsVisible = 0;
			defaultConfigurationName = Release;
		};
		CEE3E7A02A17A93300BC1464 /* Build configuration list for PBXNativeTarget "Waving-iOS" */ = {
			isa = XCConfigurationList;
			buildConfigurations = (
				CEE3E7A12A17A93300BC1464 /* Debug */,
				CEE3E7A22A17A93300BC1464 /* Release */,
			);
			defaultConfigurationIsVisible = 0;
			defaultConfigurationName = Release;
		};
		CEE3E7A32A17A93300BC1464 /* Build configuration list for PBXNativeTarget "Waving-iOSTests" */ = {
			isa = XCConfigurationList;
			buildConfigurations = (
				CEE3E7A42A17A93300BC1464 /* Debug */,
				CEE3E7A52A17A93300BC1464 /* Release */,
			);
			defaultConfigurationIsVisible = 0;
			defaultConfigurationName = Release;
		};
		CEE3E7A62A17A93300BC1464 /* Build configuration list for PBXNativeTarget "Waving-iOSUITests" */ = {
			isa = XCConfigurationList;
			buildConfigurations = (
				CEE3E7A72A17A93300BC1464 /* Debug */,
				CEE3E7A82A17A93300BC1464 /* Release */,
			);
			defaultConfigurationIsVisible = 0;
			defaultConfigurationName = Release;
		};
/* End XCConfigurationList section */

/* Begin XCRemoteSwiftPackageReference section */
		A8E0C0E82A23659400C8696E /* XCRemoteSwiftPackageReference "RxSwift" */ = {
			isa = XCRemoteSwiftPackageReference;
			repositoryURL = "https://github.com/ReactiveX/RxSwift";
			requirement = {
				kind = upToNextMajorVersion;
				minimumVersion = 6.6.0;
			};
		};
		A8E0C0EF2A2365B500C8696E /* XCRemoteSwiftPackageReference "Then" */ = {
			isa = XCRemoteSwiftPackageReference;
			repositoryURL = "https://github.com/devxoul/Then";
			requirement = {
				kind = upToNextMajorVersion;
				minimumVersion = 2.0.0;
			};
		};
		A8E0C0F22A2365E000C8696E /* XCRemoteSwiftPackageReference "SnapKit" */ = {
			isa = XCRemoteSwiftPackageReference;
			repositoryURL = "https://github.com/SnapKit/SnapKit.git";
			requirement = {
				kind = upToNextMajorVersion;
				minimumVersion = 5.0.1;
			};
		};
		A8E0C1082A23669A00C8696E /* XCRemoteSwiftPackageReference "Moya" */ = {
			isa = XCRemoteSwiftPackageReference;
			repositoryURL = "https://github.com/Moya/Moya.git";
			requirement = {
				kind = upToNextMajorVersion;
				minimumVersion = 15.0.0;
			};
		};
/* End XCRemoteSwiftPackageReference section */

/* Begin XCSwiftPackageProductDependency section */
		A8E0C0E92A23659400C8696E /* RxCocoa */ = {
			isa = XCSwiftPackageProductDependency;
			package = A8E0C0E82A23659400C8696E /* XCRemoteSwiftPackageReference "RxSwift" */;
			productName = RxCocoa;
		};
		A8E0C0EB2A23659400C8696E /* RxRelay */ = {
			isa = XCSwiftPackageProductDependency;
			package = A8E0C0E82A23659400C8696E /* XCRemoteSwiftPackageReference "RxSwift" */;
			productName = RxRelay;
		};
		A8E0C0ED2A23659400C8696E /* RxSwift */ = {
			isa = XCSwiftPackageProductDependency;
			package = A8E0C0E82A23659400C8696E /* XCRemoteSwiftPackageReference "RxSwift" */;
			productName = RxSwift;
		};
		A8E0C0F02A2365B500C8696E /* Then */ = {
			isa = XCSwiftPackageProductDependency;
			package = A8E0C0EF2A2365B500C8696E /* XCRemoteSwiftPackageReference "Then" */;
			productName = Then;
		};
		A8E0C0F32A2365E000C8696E /* SnapKit */ = {
			isa = XCSwiftPackageProductDependency;
			package = A8E0C0F22A2365E000C8696E /* XCRemoteSwiftPackageReference "SnapKit" */;
			productName = SnapKit;
		};
		A8E0C1092A23669A00C8696E /* Moya */ = {
			isa = XCSwiftPackageProductDependency;
			package = A8E0C1082A23669A00C8696E /* XCRemoteSwiftPackageReference "Moya" */;
			productName = Moya;
		};
/* End XCSwiftPackageProductDependency section */
	};
	rootObject = CEE3E76E2A17A93200BC1464 /* Project object */;
}
